// !$*UTF8*$!
{
	archiveVersion = 1;
	classes = {
	};
	objectVersion = 46;
	objects = {

/* Begin PBXBuildFile section */
		BC0207951B43D38600E52C79 /* UIImage+Extensions.m in Sources */ = {isa = PBXBuildFile; fileRef = BC0207941B43D38600E52C79 /* UIImage+Extensions.m */; };
		BC02079A1B43DEF600E52C79 /* AFNetworkActivityIndicatorManager.m in Sources */ = {isa = PBXBuildFile; fileRef = BC0207991B43DEF600E52C79 /* AFNetworkActivityIndicatorManager.m */; };
		BC0207AF1B43DF0000E52C79 /* AFHTTPRequestOperation.m in Sources */ = {isa = PBXBuildFile; fileRef = BC02079D1B43DF0000E52C79 /* AFHTTPRequestOperation.m */; };
		BC0207B01B43DF0000E52C79 /* AFHTTPRequestOperationManager.m in Sources */ = {isa = PBXBuildFile; fileRef = BC02079F1B43DF0000E52C79 /* AFHTTPRequestOperationManager.m */; };
		BC0207B11B43DF0000E52C79 /* AFHTTPSessionManager.m in Sources */ = {isa = PBXBuildFile; fileRef = BC0207A11B43DF0000E52C79 /* AFHTTPSessionManager.m */; };
		BC0207B21B43DF0000E52C79 /* AFNetworkReachabilityManager.m in Sources */ = {isa = PBXBuildFile; fileRef = BC0207A41B43DF0000E52C79 /* AFNetworkReachabilityManager.m */; };
		BC0207B31B43DF0000E52C79 /* AFSecurityPolicy.m in Sources */ = {isa = PBXBuildFile; fileRef = BC0207A61B43DF0000E52C79 /* AFSecurityPolicy.m */; };
		BC0207B41B43DF0000E52C79 /* AFURLConnectionOperation.m in Sources */ = {isa = PBXBuildFile; fileRef = BC0207A81B43DF0000E52C79 /* AFURLConnectionOperation.m */; };
		BC0207B51B43DF0000E52C79 /* AFURLRequestSerialization.m in Sources */ = {isa = PBXBuildFile; fileRef = BC0207AA1B43DF0000E52C79 /* AFURLRequestSerialization.m */; };
		BC0207B61B43DF0000E52C79 /* AFURLResponseSerialization.m in Sources */ = {isa = PBXBuildFile; fileRef = BC0207AC1B43DF0000E52C79 /* AFURLResponseSerialization.m */; };
		BC0207B71B43DF0000E52C79 /* AFURLSessionManager.m in Sources */ = {isa = PBXBuildFile; fileRef = BC0207AE1B43DF0000E52C79 /* AFURLSessionManager.m */; };
		BC0207BE1B43E03500E52C79 /* MBProgressHUD+MJ.m in Sources */ = {isa = PBXBuildFile; fileRef = BC0207BA1B43E03500E52C79 /* MBProgressHUD+MJ.m */; };
		BC0207BF1B43E03500E52C79 /* MBProgressHUD.bundle in Resources */ = {isa = PBXBuildFile; fileRef = BC0207BB1B43E03500E52C79 /* MBProgressHUD.bundle */; };
		BC0207C01B43E03500E52C79 /* MBProgressHUD.m in Sources */ = {isa = PBXBuildFile; fileRef = BC0207BD1B43E03500E52C79 /* MBProgressHUD.m */; };
		BC0207C81B43E2A100E52C79 /* Account.m in Sources */ = {isa = PBXBuildFile; fileRef = BC0207C71B43E2A100E52C79 /* Account.m */; };
		BC0207CC1B43E41000E52C79 /* AccountTool.m in Sources */ = {isa = PBXBuildFile; fileRef = BC0207CB1B43E41000E52C79 /* AccountTool.m */; };
		BC0207CF1B43E61800E52C79 /* OauthController.m in Sources */ = {isa = PBXBuildFile; fileRef = BC0207CE1B43E61800E52C79 /* OauthController.m */; };
		BC0207D31B43E6F400E52C79 /* HttpTool.m in Sources */ = {isa = PBXBuildFile; fileRef = BC0207D21B43E6F400E52C79 /* HttpTool.m */; };
		BC0207D91B440F4E00E52C79 /* Status.m in Sources */ = {isa = PBXBuildFile; fileRef = BC0207D81B440F4E00E52C79 /* Status.m */; };
		BC0207DC1B440F5F00E52C79 /* User.m in Sources */ = {isa = PBXBuildFile; fileRef = BC0207DB1B440F5F00E52C79 /* User.m */; };
		BC0207DF1B44111100E52C79 /* StatusTool.m in Sources */ = {isa = PBXBuildFile; fileRef = BC0207DE1B44111100E52C79 /* StatusTool.m */; };
		BC0DECDB1B42692500308096 /* main.m in Sources */ = {isa = PBXBuildFile; fileRef = BC0DECDA1B42692500308096 /* main.m */; };
		BC0DECDE1B42692500308096 /* AppDelegate.m in Sources */ = {isa = PBXBuildFile; fileRef = BC0DECDD1B42692500308096 /* AppDelegate.m */; };
		BC0DECE61B42692500308096 /* Images.xcassets in Resources */ = {isa = PBXBuildFile; fileRef = BC0DECE51B42692500308096 /* Images.xcassets */; };
		BC0DECF51B42692600308096 /* weiboTests.m in Sources */ = {isa = PBXBuildFile; fileRef = BC0DECF41B42692600308096 /* weiboTests.m */; };
		BC0DED051B426F3500308096 /* NewfeatureController.m in Sources */ = {isa = PBXBuildFile; fileRef = BC0DED041B426F3500308096 /* NewfeatureController.m */; };
		BC0DED081B428B8100308096 /* UIView+Extension.m in Sources */ = {isa = PBXBuildFile; fileRef = BC0DED071B428B8100308096 /* UIView+Extension.m */; };
		BC0DED0B1B42999800308096 /* MainController.m in Sources */ = {isa = PBXBuildFile; fileRef = BC0DED0A1B42999800308096 /* MainController.m */; };
		BC9B085E1B44C71400C22F82 /* StatusCell.m in Sources */ = {isa = PBXBuildFile; fileRef = BC9B085D1B44C71400C22F82 /* StatusCell.m */; };
		BC9B08611B44D2B900C22F82 /* StatusCellFrame.m in Sources */ = {isa = PBXBuildFile; fileRef = BC9B08601B44D2B900C22F82 /* StatusCellFrame.m */; };
		BC9B08641B44E5DA00C22F82 /* NSString+Extensions.m in Sources */ = {isa = PBXBuildFile; fileRef = BC9B08631B44E5DA00C22F82 /* NSString+Extensions.m */; };
		BC9C94F21B4635FB00847A5A /* ImageListView.m in Sources */ = {isa = PBXBuildFile; fileRef = BC9C94F11B4635FB00847A5A /* ImageListView.m */; };
		BC9C94F51B4672C200847A5A /* ImageItemView.m in Sources */ = {isa = PBXBuildFile; fileRef = BC9C94F41B4672C200847A5A /* ImageItemView.m */; };
		BC9C94F81B4679A300847A5A /* StatusDock.m in Sources */ = {isa = PBXBuildFile; fileRef = BC9C94F71B4679A300847A5A /* StatusDock.m */; };
		BCE2A8F81B4530B400F53E2A /* MKAnnotationView+WebCache.m in Sources */ = {isa = PBXBuildFile; fileRef = BCE2A8D81B4530B400F53E2A /* MKAnnotationView+WebCache.m */; };
		BCE2A8F91B4530B400F53E2A /* NSData+ImageContentType.m in Sources */ = {isa = PBXBuildFile; fileRef = BCE2A8DA1B4530B400F53E2A /* NSData+ImageContentType.m */; };
		BCE2A8FA1B4530B400F53E2A /* SDImageCache.m in Sources */ = {isa = PBXBuildFile; fileRef = BCE2A8DC1B4530B400F53E2A /* SDImageCache.m */; };
		BCE2A8FB1B4530B400F53E2A /* SDWebImageCompat.m in Sources */ = {isa = PBXBuildFile; fileRef = BCE2A8DE1B4530B400F53E2A /* SDWebImageCompat.m */; };
		BCE2A8FC1B4530B400F53E2A /* SDWebImageDecoder.m in Sources */ = {isa = PBXBuildFile; fileRef = BCE2A8E01B4530B400F53E2A /* SDWebImageDecoder.m */; };
		BCE2A8FD1B4530B400F53E2A /* SDWebImageDownloader.m in Sources */ = {isa = PBXBuildFile; fileRef = BCE2A8E21B4530B400F53E2A /* SDWebImageDownloader.m */; };
		BCE2A8FE1B4530B400F53E2A /* SDWebImageDownloaderOperation.m in Sources */ = {isa = PBXBuildFile; fileRef = BCE2A8E41B4530B400F53E2A /* SDWebImageDownloaderOperation.m */; };
		BCE2A8FF1B4530B400F53E2A /* SDWebImageManager.m in Sources */ = {isa = PBXBuildFile; fileRef = BCE2A8E61B4530B400F53E2A /* SDWebImageManager.m */; };
		BCE2A9001B4530B400F53E2A /* SDWebImagePrefetcher.m in Sources */ = {isa = PBXBuildFile; fileRef = BCE2A8E91B4530B400F53E2A /* SDWebImagePrefetcher.m */; };
		BCE2A9011B4530B400F53E2A /* UIButton+WebCache.m in Sources */ = {isa = PBXBuildFile; fileRef = BCE2A8EB1B4530B400F53E2A /* UIButton+WebCache.m */; };
		BCE2A9021B4530B400F53E2A /* UIImage+GIF.m in Sources */ = {isa = PBXBuildFile; fileRef = BCE2A8ED1B4530B400F53E2A /* UIImage+GIF.m */; };
		BCE2A9031B4530B400F53E2A /* UIImage+MultiFormat.m in Sources */ = {isa = PBXBuildFile; fileRef = BCE2A8EF1B4530B400F53E2A /* UIImage+MultiFormat.m */; };
		BCE2A9041B4530B400F53E2A /* UIImage+WebP.m in Sources */ = {isa = PBXBuildFile; fileRef = BCE2A8F11B4530B400F53E2A /* UIImage+WebP.m */; };
		BCE2A9051B4530B400F53E2A /* UIImageView+HighlightedWebCache.m in Sources */ = {isa = PBXBuildFile; fileRef = BCE2A8F31B4530B400F53E2A /* UIImageView+HighlightedWebCache.m */; };
		BCE2A9061B4530B400F53E2A /* UIImageView+WebCache.m in Sources */ = {isa = PBXBuildFile; fileRef = BCE2A8F51B4530B400F53E2A /* UIImageView+WebCache.m */; };
		BCE2A9071B4530B400F53E2A /* UIView+WebCacheOperation.m in Sources */ = {isa = PBXBuildFile; fileRef = BCE2A8F71B4530B400F53E2A /* UIView+WebCacheOperation.m */; };
		BCE2A90A1B45407000F53E2A /* IconView.m in Sources */ = {isa = PBXBuildFile; fileRef = BCE2A9091B45407000F53E2A /* IconView.m */; };
		BCECE99E1B47BEF70071FD81 /* MJRefreshAutoFooter.m in Sources */ = {isa = PBXBuildFile; fileRef = BCECE9741B47BEF70071FD81 /* MJRefreshAutoFooter.m */; };
		BCECE99F1B47BEF70071FD81 /* MJRefreshBackFooter.m in Sources */ = {isa = PBXBuildFile; fileRef = BCECE9761B47BEF70071FD81 /* MJRefreshBackFooter.m */; };
		BCECE9A01B47BEF70071FD81 /* MJRefreshComponent.m in Sources */ = {isa = PBXBuildFile; fileRef = BCECE9781B47BEF70071FD81 /* MJRefreshComponent.m */; };
		BCECE9A11B47BEF70071FD81 /* MJRefreshFooter.m in Sources */ = {isa = PBXBuildFile; fileRef = BCECE97A1B47BEF70071FD81 /* MJRefreshFooter.m */; };
		BCECE9A21B47BEF70071FD81 /* MJRefreshHeader.m in Sources */ = {isa = PBXBuildFile; fileRef = BCECE97C1B47BEF70071FD81 /* MJRefreshHeader.m */; };
		BCECE9A31B47BEF70071FD81 /* MJRefreshAutoGifFooter.m in Sources */ = {isa = PBXBuildFile; fileRef = BCECE9811B47BEF70071FD81 /* MJRefreshAutoGifFooter.m */; };
		BCECE9A41B47BEF70071FD81 /* MJRefreshAutoNormalFooter.m in Sources */ = {isa = PBXBuildFile; fileRef = BCECE9831B47BEF70071FD81 /* MJRefreshAutoNormalFooter.m */; };
		BCECE9A51B47BEF70071FD81 /* MJRefreshAutoStateFooter.m in Sources */ = {isa = PBXBuildFile; fileRef = BCECE9851B47BEF70071FD81 /* MJRefreshAutoStateFooter.m */; };
		BCECE9A61B47BEF70071FD81 /* MJRefreshBackGifFooter.m in Sources */ = {isa = PBXBuildFile; fileRef = BCECE9881B47BEF70071FD81 /* MJRefreshBackGifFooter.m */; };
		BCECE9A71B47BEF70071FD81 /* MJRefreshBackNormalFooter.m in Sources */ = {isa = PBXBuildFile; fileRef = BCECE98A1B47BEF70071FD81 /* MJRefreshBackNormalFooter.m */; };
		BCECE9A81B47BEF70071FD81 /* MJRefreshBackStateFooter.m in Sources */ = {isa = PBXBuildFile; fileRef = BCECE98C1B47BEF70071FD81 /* MJRefreshBackStateFooter.m */; };
		BCECE9A91B47BEF70071FD81 /* MJRefreshGifHeader.m in Sources */ = {isa = PBXBuildFile; fileRef = BCECE98F1B47BEF70071FD81 /* MJRefreshGifHeader.m */; };
		BCECE9AA1B47BEF70071FD81 /* MJRefreshNormalHeader.m in Sources */ = {isa = PBXBuildFile; fileRef = BCECE9911B47BEF70071FD81 /* MJRefreshNormalHeader.m */; };
		BCECE9AB1B47BEF70071FD81 /* MJRefreshStateHeader.m in Sources */ = {isa = PBXBuildFile; fileRef = BCECE9931B47BEF70071FD81 /* MJRefreshStateHeader.m */; };
		BCECE9AC1B47BEF70071FD81 /* MJRefresh.bundle in Resources */ = {isa = PBXBuildFile; fileRef = BCECE9941B47BEF70071FD81 /* MJRefresh.bundle */; };
		BCECE9AD1B47BEF70071FD81 /* MJRefreshConst.m in Sources */ = {isa = PBXBuildFile; fileRef = BCECE9971B47BEF70071FD81 /* MJRefreshConst.m */; };
		BCECE9AE1B47BEF70071FD81 /* UIScrollView+MJExtension.m in Sources */ = {isa = PBXBuildFile; fileRef = BCECE9991B47BEF70071FD81 /* UIScrollView+MJExtension.m */; };
		BCECE9AF1B47BEF70071FD81 /* UIScrollView+MJRefresh.m in Sources */ = {isa = PBXBuildFile; fileRef = BCECE99B1B47BEF70071FD81 /* UIScrollView+MJRefresh.m */; };
		BCECE9B01B47BEF70071FD81 /* UIView+MJExtension.m in Sources */ = {isa = PBXBuildFile; fileRef = BCECE99D1B47BEF70071FD81 /* UIView+MJExtension.m */; };
		BCECE9B41B47C8080071FD81 /* StatusDetailController.m in Sources */ = {isa = PBXBuildFile; fileRef = BCECE9B31B47C8080071FD81 /* StatusDetailController.m */; };
		BCECE9B91B47E1BC0071FD81 /* BaseStatusCell.m in Sources */ = {isa = PBXBuildFile; fileRef = BCECE9B81B47E1BC0071FD81 /* BaseStatusCell.m */; };
		BCECE9BD1B47E2810071FD81 /* BaseStatusCellFrame.m in Sources */ = {isa = PBXBuildFile; fileRef = BCECE9BC1B47E2810071FD81 /* BaseStatusCellFrame.m */; };
		BCF0DB5A1B4393D0006BDB17 /* UIBarButtonItem+Extensions.m in Sources */ = {isa = PBXBuildFile; fileRef = BCF0DB591B4393D0006BDB17 /* UIBarButtonItem+Extensions.m */; };
		BCF0DB5D1B43BD20006BDB17 /* WBNavigationController.m in Sources */ = {isa = PBXBuildFile; fileRef = BCF0DB5C1B43BD20006BDB17 /* WBNavigationController.m */; };
		BCF0DB5F1B43C5FA006BDB17 /* More.plist in Resources */ = {isa = PBXBuildFile; fileRef = BCF0DB5E1B43C5FA006BDB17 /* More.plist */; };
		BCF0DB631B43CC50006BDB17 /* GroupCell.m in Sources */ = {isa = PBXBuildFile; fileRef = BCF0DB621B43CC50006BDB17 /* GroupCell.m */; };
		BCFB11391B48F5C2002B0005 /* StatusDetailCell.m in Sources */ = {isa = PBXBuildFile; fileRef = BCFB11381B48F5C2002B0005 /* StatusDetailCell.m */; };
		BCFB113C1B48FD7A002B0005 /* StatusDetailCellFrame.m in Sources */ = {isa = PBXBuildFile; fileRef = BCFB113B1B48FD7A002B0005 /* StatusDetailCellFrame.m */; };
		BCFB113F1B48FF64002B0005 /* RetweetedDock.m in Sources */ = {isa = PBXBuildFile; fileRef = BCFB113E1B48FF63002B0005 /* RetweetedDock.m */; };
		BCFB11421B4911D0002B0005 /* DetailHeader.m in Sources */ = {isa = PBXBuildFile; fileRef = BCFB11411B4911D0002B0005 /* DetailHeader.m */; };
		BCFB11441B4911E2002B0005 /* DetailHeader.xib in Resources */ = {isa = PBXBuildFile; fileRef = BCFB11431B4911E2002B0005 /* DetailHeader.xib */; };
		BCFDAA791B42B502007F4833 /* DockController.m in Sources */ = {isa = PBXBuildFile; fileRef = BCFDAA781B42B502007F4833 /* DockController.m */; };
		BCFDAA7C1B42B51F007F4833 /* DockItem.m in Sources */ = {isa = PBXBuildFile; fileRef = BCFDAA7B1B42B51F007F4833 /* DockItem.m */; };
		BCFDAA7F1B42B53E007F4833 /* Dock.m in Sources */ = {isa = PBXBuildFile; fileRef = BCFDAA7E1B42B53E007F4833 /* Dock.m */; };
		BCFDAA871B42B982007F4833 /* HomeController.m in Sources */ = {isa = PBXBuildFile; fileRef = BCFDAA861B42B982007F4833 /* HomeController.m */; };
		BCFDAA8A1B42B99B007F4833 /* MoreController.m in Sources */ = {isa = PBXBuildFile; fileRef = BCFDAA891B42B99B007F4833 /* MoreController.m */; };
		BCFDAA8D1B42B9B6007F4833 /* SquareController.m in Sources */ = {isa = PBXBuildFile; fileRef = BCFDAA8C1B42B9B6007F4833 /* SquareController.m */; };
		BCFDAA901B42B9D1007F4833 /* MessageController.m in Sources */ = {isa = PBXBuildFile; fileRef = BCFDAA8F1B42B9D1007F4833 /* MessageController.m */; };
		BCFDAA931B42B9E5007F4833 /* MeController.m in Sources */ = {isa = PBXBuildFile; fileRef = BCFDAA921B42B9E5007F4833 /* MeController.m */; };
/* End PBXBuildFile section */

/* Begin PBXContainerItemProxy section */
		BC0DECEF1B42692600308096 /* PBXContainerItemProxy */ = {
			isa = PBXContainerItemProxy;
			containerPortal = BC0DECCD1B42692500308096 /* Project object */;
			proxyType = 1;
			remoteGlobalIDString = BC0DECD41B42692500308096;
			remoteInfo = weibo;
		};
/* End PBXContainerItemProxy section */

/* Begin PBXFileReference section */
		BC0207931B43D38600E52C79 /* UIImage+Extensions.h */ = {isa = PBXFileReference; fileEncoding = 4; lastKnownFileType = sourcecode.c.h; path = "UIImage+Extensions.h"; sourceTree = "<group>"; };
		BC0207941B43D38600E52C79 /* UIImage+Extensions.m */ = {isa = PBXFileReference; fileEncoding = 4; lastKnownFileType = sourcecode.c.objc; path = "UIImage+Extensions.m"; sourceTree = "<group>"; };
		BC0207981B43DEF600E52C79 /* AFNetworkActivityIndicatorManager.h */ = {isa = PBXFileReference; fileEncoding = 4; lastKnownFileType = sourcecode.c.h; path = AFNetworkActivityIndicatorManager.h; sourceTree = "<group>"; };
		BC0207991B43DEF600E52C79 /* AFNetworkActivityIndicatorManager.m */ = {isa = PBXFileReference; fileEncoding = 4; lastKnownFileType = sourcecode.c.objc; path = AFNetworkActivityIndicatorManager.m; sourceTree = "<group>"; };
		BC02079C1B43DF0000E52C79 /* AFHTTPRequestOperation.h */ = {isa = PBXFileReference; fileEncoding = 4; lastKnownFileType = sourcecode.c.h; path = AFHTTPRequestOperation.h; sourceTree = "<group>"; };
		BC02079D1B43DF0000E52C79 /* AFHTTPRequestOperation.m */ = {isa = PBXFileReference; fileEncoding = 4; lastKnownFileType = sourcecode.c.objc; path = AFHTTPRequestOperation.m; sourceTree = "<group>"; };
		BC02079E1B43DF0000E52C79 /* AFHTTPRequestOperationManager.h */ = {isa = PBXFileReference; fileEncoding = 4; lastKnownFileType = sourcecode.c.h; path = AFHTTPRequestOperationManager.h; sourceTree = "<group>"; };
		BC02079F1B43DF0000E52C79 /* AFHTTPRequestOperationManager.m */ = {isa = PBXFileReference; fileEncoding = 4; lastKnownFileType = sourcecode.c.objc; path = AFHTTPRequestOperationManager.m; sourceTree = "<group>"; };
		BC0207A01B43DF0000E52C79 /* AFHTTPSessionManager.h */ = {isa = PBXFileReference; fileEncoding = 4; lastKnownFileType = sourcecode.c.h; path = AFHTTPSessionManager.h; sourceTree = "<group>"; };
		BC0207A11B43DF0000E52C79 /* AFHTTPSessionManager.m */ = {isa = PBXFileReference; fileEncoding = 4; lastKnownFileType = sourcecode.c.objc; path = AFHTTPSessionManager.m; sourceTree = "<group>"; };
		BC0207A21B43DF0000E52C79 /* AFNetworking.h */ = {isa = PBXFileReference; fileEncoding = 4; lastKnownFileType = sourcecode.c.h; path = AFNetworking.h; sourceTree = "<group>"; };
		BC0207A31B43DF0000E52C79 /* AFNetworkReachabilityManager.h */ = {isa = PBXFileReference; fileEncoding = 4; lastKnownFileType = sourcecode.c.h; path = AFNetworkReachabilityManager.h; sourceTree = "<group>"; };
		BC0207A41B43DF0000E52C79 /* AFNetworkReachabilityManager.m */ = {isa = PBXFileReference; fileEncoding = 4; lastKnownFileType = sourcecode.c.objc; path = AFNetworkReachabilityManager.m; sourceTree = "<group>"; };
		BC0207A51B43DF0000E52C79 /* AFSecurityPolicy.h */ = {isa = PBXFileReference; fileEncoding = 4; lastKnownFileType = sourcecode.c.h; path = AFSecurityPolicy.h; sourceTree = "<group>"; };
		BC0207A61B43DF0000E52C79 /* AFSecurityPolicy.m */ = {isa = PBXFileReference; fileEncoding = 4; lastKnownFileType = sourcecode.c.objc; path = AFSecurityPolicy.m; sourceTree = "<group>"; };
		BC0207A71B43DF0000E52C79 /* AFURLConnectionOperation.h */ = {isa = PBXFileReference; fileEncoding = 4; lastKnownFileType = sourcecode.c.h; path = AFURLConnectionOperation.h; sourceTree = "<group>"; };
		BC0207A81B43DF0000E52C79 /* AFURLConnectionOperation.m */ = {isa = PBXFileReference; fileEncoding = 4; lastKnownFileType = sourcecode.c.objc; path = AFURLConnectionOperation.m; sourceTree = "<group>"; };
		BC0207A91B43DF0000E52C79 /* AFURLRequestSerialization.h */ = {isa = PBXFileReference; fileEncoding = 4; lastKnownFileType = sourcecode.c.h; path = AFURLRequestSerialization.h; sourceTree = "<group>"; };
		BC0207AA1B43DF0000E52C79 /* AFURLRequestSerialization.m */ = {isa = PBXFileReference; fileEncoding = 4; lastKnownFileType = sourcecode.c.objc; path = AFURLRequestSerialization.m; sourceTree = "<group>"; };
		BC0207AB1B43DF0000E52C79 /* AFURLResponseSerialization.h */ = {isa = PBXFileReference; fileEncoding = 4; lastKnownFileType = sourcecode.c.h; path = AFURLResponseSerialization.h; sourceTree = "<group>"; };
		BC0207AC1B43DF0000E52C79 /* AFURLResponseSerialization.m */ = {isa = PBXFileReference; fileEncoding = 4; lastKnownFileType = sourcecode.c.objc; path = AFURLResponseSerialization.m; sourceTree = "<group>"; };
		BC0207AD1B43DF0000E52C79 /* AFURLSessionManager.h */ = {isa = PBXFileReference; fileEncoding = 4; lastKnownFileType = sourcecode.c.h; path = AFURLSessionManager.h; sourceTree = "<group>"; };
		BC0207AE1B43DF0000E52C79 /* AFURLSessionManager.m */ = {isa = PBXFileReference; fileEncoding = 4; lastKnownFileType = sourcecode.c.objc; path = AFURLSessionManager.m; sourceTree = "<group>"; };
		BC0207B91B43E03500E52C79 /* MBProgressHUD+MJ.h */ = {isa = PBXFileReference; fileEncoding = 4; lastKnownFileType = sourcecode.c.h; path = "MBProgressHUD+MJ.h"; sourceTree = "<group>"; };
		BC0207BA1B43E03500E52C79 /* MBProgressHUD+MJ.m */ = {isa = PBXFileReference; fileEncoding = 4; lastKnownFileType = sourcecode.c.objc; path = "MBProgressHUD+MJ.m"; sourceTree = "<group>"; };
		BC0207BB1B43E03500E52C79 /* MBProgressHUD.bundle */ = {isa = PBXFileReference; lastKnownFileType = "wrapper.plug-in"; path = MBProgressHUD.bundle; sourceTree = "<group>"; };
		BC0207BC1B43E03500E52C79 /* MBProgressHUD.h */ = {isa = PBXFileReference; fileEncoding = 4; lastKnownFileType = sourcecode.c.h; path = MBProgressHUD.h; sourceTree = "<group>"; };
		BC0207BD1B43E03500E52C79 /* MBProgressHUD.m */ = {isa = PBXFileReference; fileEncoding = 4; lastKnownFileType = sourcecode.c.objc; path = MBProgressHUD.m; sourceTree = "<group>"; };
		BC0207C51B43E12B00E52C79 /* webconfig.h */ = {isa = PBXFileReference; lastKnownFileType = sourcecode.c.h; path = webconfig.h; sourceTree = "<group>"; };
		BC0207C61B43E2A100E52C79 /* Account.h */ = {isa = PBXFileReference; fileEncoding = 4; lastKnownFileType = sourcecode.c.h; path = Account.h; sourceTree = "<group>"; };
		BC0207C71B43E2A100E52C79 /* Account.m */ = {isa = PBXFileReference; fileEncoding = 4; lastKnownFileType = sourcecode.c.objc; path = Account.m; sourceTree = "<group>"; };
		BC0207C91B43E3EE00E52C79 /* Singleton.h */ = {isa = PBXFileReference; fileEncoding = 4; lastKnownFileType = sourcecode.c.h; path = Singleton.h; sourceTree = "<group>"; };
		BC0207CA1B43E41000E52C79 /* AccountTool.h */ = {isa = PBXFileReference; fileEncoding = 4; lastKnownFileType = sourcecode.c.h; path = AccountTool.h; sourceTree = "<group>"; };
		BC0207CB1B43E41000E52C79 /* AccountTool.m */ = {isa = PBXFileReference; fileEncoding = 4; lastKnownFileType = sourcecode.c.objc; path = AccountTool.m; sourceTree = "<group>"; };
		BC0207CD1B43E61800E52C79 /* OauthController.h */ = {isa = PBXFileReference; fileEncoding = 4; lastKnownFileType = sourcecode.c.h; path = OauthController.h; sourceTree = "<group>"; };
		BC0207CE1B43E61800E52C79 /* OauthController.m */ = {isa = PBXFileReference; fileEncoding = 4; lastKnownFileType = sourcecode.c.objc; path = OauthController.m; sourceTree = "<group>"; };
		BC0207D11B43E6F400E52C79 /* HttpTool.h */ = {isa = PBXFileReference; fileEncoding = 4; lastKnownFileType = sourcecode.c.h; path = HttpTool.h; sourceTree = "<group>"; };
		BC0207D21B43E6F400E52C79 /* HttpTool.m */ = {isa = PBXFileReference; fileEncoding = 4; lastKnownFileType = sourcecode.c.objc; path = HttpTool.m; sourceTree = "<group>"; };
		BC0207D71B440F4E00E52C79 /* Status.h */ = {isa = PBXFileReference; fileEncoding = 4; lastKnownFileType = sourcecode.c.h; path = Status.h; sourceTree = "<group>"; };
		BC0207D81B440F4E00E52C79 /* Status.m */ = {isa = PBXFileReference; fileEncoding = 4; lastKnownFileType = sourcecode.c.objc; path = Status.m; sourceTree = "<group>"; };
		BC0207DA1B440F5F00E52C79 /* User.h */ = {isa = PBXFileReference; fileEncoding = 4; lastKnownFileType = sourcecode.c.h; path = User.h; sourceTree = "<group>"; };
		BC0207DB1B440F5F00E52C79 /* User.m */ = {isa = PBXFileReference; fileEncoding = 4; lastKnownFileType = sourcecode.c.objc; path = User.m; sourceTree = "<group>"; };
		BC0207DD1B44111100E52C79 /* StatusTool.h */ = {isa = PBXFileReference; fileEncoding = 4; lastKnownFileType = sourcecode.c.h; path = StatusTool.h; sourceTree = "<group>"; };
		BC0207DE1B44111100E52C79 /* StatusTool.m */ = {isa = PBXFileReference; fileEncoding = 4; lastKnownFileType = sourcecode.c.objc; path = StatusTool.m; sourceTree = "<group>"; };
		BC0DECD51B42692500308096 /* weibo.app */ = {isa = PBXFileReference; explicitFileType = wrapper.application; includeInIndex = 0; path = weibo.app; sourceTree = BUILT_PRODUCTS_DIR; };
		BC0DECD91B42692500308096 /* Info.plist */ = {isa = PBXFileReference; lastKnownFileType = text.plist.xml; path = Info.plist; sourceTree = "<group>"; };
		BC0DECDA1B42692500308096 /* main.m */ = {isa = PBXFileReference; lastKnownFileType = sourcecode.c.objc; path = main.m; sourceTree = "<group>"; };
		BC0DECDC1B42692500308096 /* AppDelegate.h */ = {isa = PBXFileReference; lastKnownFileType = sourcecode.c.h; path = AppDelegate.h; sourceTree = "<group>"; };
		BC0DECDD1B42692500308096 /* AppDelegate.m */ = {isa = PBXFileReference; lastKnownFileType = sourcecode.c.objc; path = AppDelegate.m; sourceTree = "<group>"; };
		BC0DECE51B42692500308096 /* Images.xcassets */ = {isa = PBXFileReference; lastKnownFileType = folder.assetcatalog; path = Images.xcassets; sourceTree = "<group>"; };
		BC0DECEE1B42692600308096 /* weiboTests.xctest */ = {isa = PBXFileReference; explicitFileType = wrapper.cfbundle; includeInIndex = 0; path = weiboTests.xctest; sourceTree = BUILT_PRODUCTS_DIR; };
		BC0DECF31B42692600308096 /* Info.plist */ = {isa = PBXFileReference; lastKnownFileType = text.plist.xml; path = Info.plist; sourceTree = "<group>"; };
		BC0DECF41B42692600308096 /* weiboTests.m */ = {isa = PBXFileReference; lastKnownFileType = sourcecode.c.objc; path = weiboTests.m; sourceTree = "<group>"; };
		BC0DED021B426E5400308096 /* PrefixHeader.pch */ = {isa = PBXFileReference; lastKnownFileType = sourcecode.c.h; path = PrefixHeader.pch; sourceTree = "<group>"; };
		BC0DED031B426F3500308096 /* NewfeatureController.h */ = {isa = PBXFileReference; fileEncoding = 4; lastKnownFileType = sourcecode.c.h; path = NewfeatureController.h; sourceTree = "<group>"; };
		BC0DED041B426F3500308096 /* NewfeatureController.m */ = {isa = PBXFileReference; fileEncoding = 4; lastKnownFileType = sourcecode.c.objc; path = NewfeatureController.m; sourceTree = "<group>"; };
		BC0DED061B428B8100308096 /* UIView+Extension.h */ = {isa = PBXFileReference; fileEncoding = 4; lastKnownFileType = sourcecode.c.h; path = "UIView+Extension.h"; sourceTree = "<group>"; };
		BC0DED071B428B8100308096 /* UIView+Extension.m */ = {isa = PBXFileReference; fileEncoding = 4; lastKnownFileType = sourcecode.c.objc; path = "UIView+Extension.m"; sourceTree = "<group>"; };
		BC0DED091B42999800308096 /* MainController.h */ = {isa = PBXFileReference; fileEncoding = 4; lastKnownFileType = sourcecode.c.h; path = MainController.h; sourceTree = "<group>"; };
		BC0DED0A1B42999800308096 /* MainController.m */ = {isa = PBXFileReference; fileEncoding = 4; lastKnownFileType = sourcecode.c.objc; path = MainController.m; sourceTree = "<group>"; };
		BC9B085C1B44C71400C22F82 /* StatusCell.h */ = {isa = PBXFileReference; fileEncoding = 4; lastKnownFileType = sourcecode.c.h; path = StatusCell.h; sourceTree = "<group>"; };
		BC9B085D1B44C71400C22F82 /* StatusCell.m */ = {isa = PBXFileReference; fileEncoding = 4; lastKnownFileType = sourcecode.c.objc; path = StatusCell.m; sourceTree = "<group>"; };
		BC9B085F1B44D2B900C22F82 /* StatusCellFrame.h */ = {isa = PBXFileReference; fileEncoding = 4; lastKnownFileType = sourcecode.c.h; path = StatusCellFrame.h; sourceTree = "<group>"; };
		BC9B08601B44D2B900C22F82 /* StatusCellFrame.m */ = {isa = PBXFileReference; fileEncoding = 4; lastKnownFileType = sourcecode.c.objc; path = StatusCellFrame.m; sourceTree = "<group>"; };
		BC9B08621B44E5DA00C22F82 /* NSString+Extensions.h */ = {isa = PBXFileReference; fileEncoding = 4; lastKnownFileType = sourcecode.c.h; path = "NSString+Extensions.h"; sourceTree = "<group>"; };
		BC9B08631B44E5DA00C22F82 /* NSString+Extensions.m */ = {isa = PBXFileReference; fileEncoding = 4; lastKnownFileType = sourcecode.c.objc; path = "NSString+Extensions.m"; sourceTree = "<group>"; };
		BC9C94F01B4635FB00847A5A /* ImageListView.h */ = {isa = PBXFileReference; fileEncoding = 4; lastKnownFileType = sourcecode.c.h; path = ImageListView.h; sourceTree = "<group>"; };
		BC9C94F11B4635FB00847A5A /* ImageListView.m */ = {isa = PBXFileReference; fileEncoding = 4; lastKnownFileType = sourcecode.c.objc; path = ImageListView.m; sourceTree = "<group>"; };
		BC9C94F31B4672C200847A5A /* ImageItemView.h */ = {isa = PBXFileReference; fileEncoding = 4; lastKnownFileType = sourcecode.c.h; path = ImageItemView.h; sourceTree = "<group>"; };
		BC9C94F41B4672C200847A5A /* ImageItemView.m */ = {isa = PBXFileReference; fileEncoding = 4; lastKnownFileType = sourcecode.c.objc; path = ImageItemView.m; sourceTree = "<group>"; };
		BC9C94F61B4679A300847A5A /* StatusDock.h */ = {isa = PBXFileReference; fileEncoding = 4; lastKnownFileType = sourcecode.c.h; path = StatusDock.h; sourceTree = "<group>"; };
		BC9C94F71B4679A300847A5A /* StatusDock.m */ = {isa = PBXFileReference; fileEncoding = 4; lastKnownFileType = sourcecode.c.objc; path = StatusDock.m; sourceTree = "<group>"; };
		BCE2A8D71B4530B400F53E2A /* MKAnnotationView+WebCache.h */ = {isa = PBXFileReference; fileEncoding = 4; lastKnownFileType = sourcecode.c.h; path = "MKAnnotationView+WebCache.h"; sourceTree = "<group>"; };
		BCE2A8D81B4530B400F53E2A /* MKAnnotationView+WebCache.m */ = {isa = PBXFileReference; fileEncoding = 4; lastKnownFileType = sourcecode.c.objc; path = "MKAnnotationView+WebCache.m"; sourceTree = "<group>"; };
		BCE2A8D91B4530B400F53E2A /* NSData+ImageContentType.h */ = {isa = PBXFileReference; fileEncoding = 4; lastKnownFileType = sourcecode.c.h; path = "NSData+ImageContentType.h"; sourceTree = "<group>"; };
		BCE2A8DA1B4530B400F53E2A /* NSData+ImageContentType.m */ = {isa = PBXFileReference; fileEncoding = 4; lastKnownFileType = sourcecode.c.objc; path = "NSData+ImageContentType.m"; sourceTree = "<group>"; };
		BCE2A8DB1B4530B400F53E2A /* SDImageCache.h */ = {isa = PBXFileReference; fileEncoding = 4; lastKnownFileType = sourcecode.c.h; path = SDImageCache.h; sourceTree = "<group>"; };
		BCE2A8DC1B4530B400F53E2A /* SDImageCache.m */ = {isa = PBXFileReference; fileEncoding = 4; lastKnownFileType = sourcecode.c.objc; path = SDImageCache.m; sourceTree = "<group>"; };
		BCE2A8DD1B4530B400F53E2A /* SDWebImageCompat.h */ = {isa = PBXFileReference; fileEncoding = 4; lastKnownFileType = sourcecode.c.h; path = SDWebImageCompat.h; sourceTree = "<group>"; };
		BCE2A8DE1B4530B400F53E2A /* SDWebImageCompat.m */ = {isa = PBXFileReference; fileEncoding = 4; lastKnownFileType = sourcecode.c.objc; path = SDWebImageCompat.m; sourceTree = "<group>"; };
		BCE2A8DF1B4530B400F53E2A /* SDWebImageDecoder.h */ = {isa = PBXFileReference; fileEncoding = 4; lastKnownFileType = sourcecode.c.h; path = SDWebImageDecoder.h; sourceTree = "<group>"; };
		BCE2A8E01B4530B400F53E2A /* SDWebImageDecoder.m */ = {isa = PBXFileReference; fileEncoding = 4; lastKnownFileType = sourcecode.c.objc; path = SDWebImageDecoder.m; sourceTree = "<group>"; };
		BCE2A8E11B4530B400F53E2A /* SDWebImageDownloader.h */ = {isa = PBXFileReference; fileEncoding = 4; lastKnownFileType = sourcecode.c.h; path = SDWebImageDownloader.h; sourceTree = "<group>"; };
		BCE2A8E21B4530B400F53E2A /* SDWebImageDownloader.m */ = {isa = PBXFileReference; fileEncoding = 4; lastKnownFileType = sourcecode.c.objc; path = SDWebImageDownloader.m; sourceTree = "<group>"; };
		BCE2A8E31B4530B400F53E2A /* SDWebImageDownloaderOperation.h */ = {isa = PBXFileReference; fileEncoding = 4; lastKnownFileType = sourcecode.c.h; path = SDWebImageDownloaderOperation.h; sourceTree = "<group>"; };
		BCE2A8E41B4530B400F53E2A /* SDWebImageDownloaderOperation.m */ = {isa = PBXFileReference; fileEncoding = 4; lastKnownFileType = sourcecode.c.objc; path = SDWebImageDownloaderOperation.m; sourceTree = "<group>"; };
		BCE2A8E51B4530B400F53E2A /* SDWebImageManager.h */ = {isa = PBXFileReference; fileEncoding = 4; lastKnownFileType = sourcecode.c.h; path = SDWebImageManager.h; sourceTree = "<group>"; };
		BCE2A8E61B4530B400F53E2A /* SDWebImageManager.m */ = {isa = PBXFileReference; fileEncoding = 4; lastKnownFileType = sourcecode.c.objc; path = SDWebImageManager.m; sourceTree = "<group>"; };
		BCE2A8E71B4530B400F53E2A /* SDWebImageOperation.h */ = {isa = PBXFileReference; fileEncoding = 4; lastKnownFileType = sourcecode.c.h; path = SDWebImageOperation.h; sourceTree = "<group>"; };
		BCE2A8E81B4530B400F53E2A /* SDWebImagePrefetcher.h */ = {isa = PBXFileReference; fileEncoding = 4; lastKnownFileType = sourcecode.c.h; path = SDWebImagePrefetcher.h; sourceTree = "<group>"; };
		BCE2A8E91B4530B400F53E2A /* SDWebImagePrefetcher.m */ = {isa = PBXFileReference; fileEncoding = 4; lastKnownFileType = sourcecode.c.objc; path = SDWebImagePrefetcher.m; sourceTree = "<group>"; };
		BCE2A8EA1B4530B400F53E2A /* UIButton+WebCache.h */ = {isa = PBXFileReference; fileEncoding = 4; lastKnownFileType = sourcecode.c.h; path = "UIButton+WebCache.h"; sourceTree = "<group>"; };
		BCE2A8EB1B4530B400F53E2A /* UIButton+WebCache.m */ = {isa = PBXFileReference; fileEncoding = 4; lastKnownFileType = sourcecode.c.objc; path = "UIButton+WebCache.m"; sourceTree = "<group>"; };
		BCE2A8EC1B4530B400F53E2A /* UIImage+GIF.h */ = {isa = PBXFileReference; fileEncoding = 4; lastKnownFileType = sourcecode.c.h; path = "UIImage+GIF.h"; sourceTree = "<group>"; };
		BCE2A8ED1B4530B400F53E2A /* UIImage+GIF.m */ = {isa = PBXFileReference; fileEncoding = 4; lastKnownFileType = sourcecode.c.objc; path = "UIImage+GIF.m"; sourceTree = "<group>"; };
		BCE2A8EE1B4530B400F53E2A /* UIImage+MultiFormat.h */ = {isa = PBXFileReference; fileEncoding = 4; lastKnownFileType = sourcecode.c.h; path = "UIImage+MultiFormat.h"; sourceTree = "<group>"; };
		BCE2A8EF1B4530B400F53E2A /* UIImage+MultiFormat.m */ = {isa = PBXFileReference; fileEncoding = 4; lastKnownFileType = sourcecode.c.objc; path = "UIImage+MultiFormat.m"; sourceTree = "<group>"; };
		BCE2A8F01B4530B400F53E2A /* UIImage+WebP.h */ = {isa = PBXFileReference; fileEncoding = 4; lastKnownFileType = sourcecode.c.h; path = "UIImage+WebP.h"; sourceTree = "<group>"; };
		BCE2A8F11B4530B400F53E2A /* UIImage+WebP.m */ = {isa = PBXFileReference; fileEncoding = 4; lastKnownFileType = sourcecode.c.objc; path = "UIImage+WebP.m"; sourceTree = "<group>"; };
		BCE2A8F21B4530B400F53E2A /* UIImageView+HighlightedWebCache.h */ = {isa = PBXFileReference; fileEncoding = 4; lastKnownFileType = sourcecode.c.h; path = "UIImageView+HighlightedWebCache.h"; sourceTree = "<group>"; };
		BCE2A8F31B4530B400F53E2A /* UIImageView+HighlightedWebCache.m */ = {isa = PBXFileReference; fileEncoding = 4; lastKnownFileType = sourcecode.c.objc; path = "UIImageView+HighlightedWebCache.m"; sourceTree = "<group>"; };
		BCE2A8F41B4530B400F53E2A /* UIImageView+WebCache.h */ = {isa = PBXFileReference; fileEncoding = 4; lastKnownFileType = sourcecode.c.h; path = "UIImageView+WebCache.h"; sourceTree = "<group>"; };
		BCE2A8F51B4530B400F53E2A /* UIImageView+WebCache.m */ = {isa = PBXFileReference; fileEncoding = 4; lastKnownFileType = sourcecode.c.objc; path = "UIImageView+WebCache.m"; sourceTree = "<group>"; };
		BCE2A8F61B4530B400F53E2A /* UIView+WebCacheOperation.h */ = {isa = PBXFileReference; fileEncoding = 4; lastKnownFileType = sourcecode.c.h; path = "UIView+WebCacheOperation.h"; sourceTree = "<group>"; };
		BCE2A8F71B4530B400F53E2A /* UIView+WebCacheOperation.m */ = {isa = PBXFileReference; fileEncoding = 4; lastKnownFileType = sourcecode.c.objc; path = "UIView+WebCacheOperation.m"; sourceTree = "<group>"; };
		BCE2A9081B45407000F53E2A /* IconView.h */ = {isa = PBXFileReference; fileEncoding = 4; lastKnownFileType = sourcecode.c.h; path = IconView.h; sourceTree = "<group>"; };
		BCE2A9091B45407000F53E2A /* IconView.m */ = {isa = PBXFileReference; fileEncoding = 4; lastKnownFileType = sourcecode.c.objc; path = IconView.m; sourceTree = "<group>"; };
		BCECE9731B47BEF70071FD81 /* MJRefreshAutoFooter.h */ = {isa = PBXFileReference; fileEncoding = 4; lastKnownFileType = sourcecode.c.h; path = MJRefreshAutoFooter.h; sourceTree = "<group>"; };
		BCECE9741B47BEF70071FD81 /* MJRefreshAutoFooter.m */ = {isa = PBXFileReference; fileEncoding = 4; lastKnownFileType = sourcecode.c.objc; path = MJRefreshAutoFooter.m; sourceTree = "<group>"; };
		BCECE9751B47BEF70071FD81 /* MJRefreshBackFooter.h */ = {isa = PBXFileReference; fileEncoding = 4; lastKnownFileType = sourcecode.c.h; path = MJRefreshBackFooter.h; sourceTree = "<group>"; };
		BCECE9761B47BEF70071FD81 /* MJRefreshBackFooter.m */ = {isa = PBXFileReference; fileEncoding = 4; lastKnownFileType = sourcecode.c.objc; path = MJRefreshBackFooter.m; sourceTree = "<group>"; };
		BCECE9771B47BEF70071FD81 /* MJRefreshComponent.h */ = {isa = PBXFileReference; fileEncoding = 4; lastKnownFileType = sourcecode.c.h; path = MJRefreshComponent.h; sourceTree = "<group>"; };
		BCECE9781B47BEF70071FD81 /* MJRefreshComponent.m */ = {isa = PBXFileReference; fileEncoding = 4; lastKnownFileType = sourcecode.c.objc; path = MJRefreshComponent.m; sourceTree = "<group>"; };
		BCECE9791B47BEF70071FD81 /* MJRefreshFooter.h */ = {isa = PBXFileReference; fileEncoding = 4; lastKnownFileType = sourcecode.c.h; path = MJRefreshFooter.h; sourceTree = "<group>"; };
		BCECE97A1B47BEF70071FD81 /* MJRefreshFooter.m */ = {isa = PBXFileReference; fileEncoding = 4; lastKnownFileType = sourcecode.c.objc; path = MJRefreshFooter.m; sourceTree = "<group>"; };
		BCECE97B1B47BEF70071FD81 /* MJRefreshHeader.h */ = {isa = PBXFileReference; fileEncoding = 4; lastKnownFileType = sourcecode.c.h; path = MJRefreshHeader.h; sourceTree = "<group>"; };
		BCECE97C1B47BEF70071FD81 /* MJRefreshHeader.m */ = {isa = PBXFileReference; fileEncoding = 4; lastKnownFileType = sourcecode.c.objc; path = MJRefreshHeader.m; sourceTree = "<group>"; };
		BCECE9801B47BEF70071FD81 /* MJRefreshAutoGifFooter.h */ = {isa = PBXFileReference; fileEncoding = 4; lastKnownFileType = sourcecode.c.h; path = MJRefreshAutoGifFooter.h; sourceTree = "<group>"; };
		BCECE9811B47BEF70071FD81 /* MJRefreshAutoGifFooter.m */ = {isa = PBXFileReference; fileEncoding = 4; lastKnownFileType = sourcecode.c.objc; path = MJRefreshAutoGifFooter.m; sourceTree = "<group>"; };
		BCECE9821B47BEF70071FD81 /* MJRefreshAutoNormalFooter.h */ = {isa = PBXFileReference; fileEncoding = 4; lastKnownFileType = sourcecode.c.h; path = MJRefreshAutoNormalFooter.h; sourceTree = "<group>"; };
		BCECE9831B47BEF70071FD81 /* MJRefreshAutoNormalFooter.m */ = {isa = PBXFileReference; fileEncoding = 4; lastKnownFileType = sourcecode.c.objc; path = MJRefreshAutoNormalFooter.m; sourceTree = "<group>"; };
		BCECE9841B47BEF70071FD81 /* MJRefreshAutoStateFooter.h */ = {isa = PBXFileReference; fileEncoding = 4; lastKnownFileType = sourcecode.c.h; path = MJRefreshAutoStateFooter.h; sourceTree = "<group>"; };
		BCECE9851B47BEF70071FD81 /* MJRefreshAutoStateFooter.m */ = {isa = PBXFileReference; fileEncoding = 4; lastKnownFileType = sourcecode.c.objc; path = MJRefreshAutoStateFooter.m; sourceTree = "<group>"; };
		BCECE9871B47BEF70071FD81 /* MJRefreshBackGifFooter.h */ = {isa = PBXFileReference; fileEncoding = 4; lastKnownFileType = sourcecode.c.h; path = MJRefreshBackGifFooter.h; sourceTree = "<group>"; };
		BCECE9881B47BEF70071FD81 /* MJRefreshBackGifFooter.m */ = {isa = PBXFileReference; fileEncoding = 4; lastKnownFileType = sourcecode.c.objc; path = MJRefreshBackGifFooter.m; sourceTree = "<group>"; };
		BCECE9891B47BEF70071FD81 /* MJRefreshBackNormalFooter.h */ = {isa = PBXFileReference; fileEncoding = 4; lastKnownFileType = sourcecode.c.h; path = MJRefreshBackNormalFooter.h; sourceTree = "<group>"; };
		BCECE98A1B47BEF70071FD81 /* MJRefreshBackNormalFooter.m */ = {isa = PBXFileReference; fileEncoding = 4; lastKnownFileType = sourcecode.c.objc; path = MJRefreshBackNormalFooter.m; sourceTree = "<group>"; };
		BCECE98B1B47BEF70071FD81 /* MJRefreshBackStateFooter.h */ = {isa = PBXFileReference; fileEncoding = 4; lastKnownFileType = sourcecode.c.h; path = MJRefreshBackStateFooter.h; sourceTree = "<group>"; };
		BCECE98C1B47BEF70071FD81 /* MJRefreshBackStateFooter.m */ = {isa = PBXFileReference; fileEncoding = 4; lastKnownFileType = sourcecode.c.objc; path = MJRefreshBackStateFooter.m; sourceTree = "<group>"; };
		BCECE98E1B47BEF70071FD81 /* MJRefreshGifHeader.h */ = {isa = PBXFileReference; fileEncoding = 4; lastKnownFileType = sourcecode.c.h; path = MJRefreshGifHeader.h; sourceTree = "<group>"; };
		BCECE98F1B47BEF70071FD81 /* MJRefreshGifHeader.m */ = {isa = PBXFileReference; fileEncoding = 4; lastKnownFileType = sourcecode.c.objc; path = MJRefreshGifHeader.m; sourceTree = "<group>"; };
		BCECE9901B47BEF70071FD81 /* MJRefreshNormalHeader.h */ = {isa = PBXFileReference; fileEncoding = 4; lastKnownFileType = sourcecode.c.h; path = MJRefreshNormalHeader.h; sourceTree = "<group>"; };
		BCECE9911B47BEF70071FD81 /* MJRefreshNormalHeader.m */ = {isa = PBXFileReference; fileEncoding = 4; lastKnownFileType = sourcecode.c.objc; path = MJRefreshNormalHeader.m; sourceTree = "<group>"; };
		BCECE9921B47BEF70071FD81 /* MJRefreshStateHeader.h */ = {isa = PBXFileReference; fileEncoding = 4; lastKnownFileType = sourcecode.c.h; path = MJRefreshStateHeader.h; sourceTree = "<group>"; };
		BCECE9931B47BEF70071FD81 /* MJRefreshStateHeader.m */ = {isa = PBXFileReference; fileEncoding = 4; lastKnownFileType = sourcecode.c.objc; path = MJRefreshStateHeader.m; sourceTree = "<group>"; };
		BCECE9941B47BEF70071FD81 /* MJRefresh.bundle */ = {isa = PBXFileReference; lastKnownFileType = "wrapper.plug-in"; path = MJRefresh.bundle; sourceTree = "<group>"; };
		BCECE9951B47BEF70071FD81 /* MJRefresh.h */ = {isa = PBXFileReference; fileEncoding = 4; lastKnownFileType = sourcecode.c.h; path = MJRefresh.h; sourceTree = "<group>"; };
		BCECE9961B47BEF70071FD81 /* MJRefreshConst.h */ = {isa = PBXFileReference; fileEncoding = 4; lastKnownFileType = sourcecode.c.h; path = MJRefreshConst.h; sourceTree = "<group>"; };
		BCECE9971B47BEF70071FD81 /* MJRefreshConst.m */ = {isa = PBXFileReference; fileEncoding = 4; lastKnownFileType = sourcecode.c.objc; path = MJRefreshConst.m; sourceTree = "<group>"; };
		BCECE9981B47BEF70071FD81 /* UIScrollView+MJExtension.h */ = {isa = PBXFileReference; fileEncoding = 4; lastKnownFileType = sourcecode.c.h; path = "UIScrollView+MJExtension.h"; sourceTree = "<group>"; };
		BCECE9991B47BEF70071FD81 /* UIScrollView+MJExtension.m */ = {isa = PBXFileReference; fileEncoding = 4; lastKnownFileType = sourcecode.c.objc; path = "UIScrollView+MJExtension.m"; sourceTree = "<group>"; };
		BCECE99A1B47BEF70071FD81 /* UIScrollView+MJRefresh.h */ = {isa = PBXFileReference; fileEncoding = 4; lastKnownFileType = sourcecode.c.h; path = "UIScrollView+MJRefresh.h"; sourceTree = "<group>"; };
		BCECE99B1B47BEF70071FD81 /* UIScrollView+MJRefresh.m */ = {isa = PBXFileReference; fileEncoding = 4; lastKnownFileType = sourcecode.c.objc; path = "UIScrollView+MJRefresh.m"; sourceTree = "<group>"; };
		BCECE99C1B47BEF70071FD81 /* UIView+MJExtension.h */ = {isa = PBXFileReference; fileEncoding = 4; lastKnownFileType = sourcecode.c.h; path = "UIView+MJExtension.h"; sourceTree = "<group>"; };
		BCECE99D1B47BEF70071FD81 /* UIView+MJExtension.m */ = {isa = PBXFileReference; fileEncoding = 4; lastKnownFileType = sourcecode.c.objc; path = "UIView+MJExtension.m"; sourceTree = "<group>"; };
		BCECE9B21B47C8080071FD81 /* StatusDetailController.h */ = {isa = PBXFileReference; fileEncoding = 4; lastKnownFileType = sourcecode.c.h; path = StatusDetailController.h; sourceTree = "<group>"; };
		BCECE9B31B47C8080071FD81 /* StatusDetailController.m */ = {isa = PBXFileReference; fileEncoding = 4; lastKnownFileType = sourcecode.c.objc; path = StatusDetailController.m; sourceTree = "<group>"; };
		BCECE9B71B47E1BC0071FD81 /* BaseStatusCell.h */ = {isa = PBXFileReference; fileEncoding = 4; lastKnownFileType = sourcecode.c.h; path = BaseStatusCell.h; sourceTree = "<group>"; };
		BCECE9B81B47E1BC0071FD81 /* BaseStatusCell.m */ = {isa = PBXFileReference; fileEncoding = 4; lastKnownFileType = sourcecode.c.objc; path = BaseStatusCell.m; sourceTree = "<group>"; };
		BCECE9BB1B47E2810071FD81 /* BaseStatusCellFrame.h */ = {isa = PBXFileReference; fileEncoding = 4; lastKnownFileType = sourcecode.c.h; path = BaseStatusCellFrame.h; sourceTree = "<group>"; };
		BCECE9BC1B47E2810071FD81 /* BaseStatusCellFrame.m */ = {isa = PBXFileReference; fileEncoding = 4; lastKnownFileType = sourcecode.c.objc; path = BaseStatusCellFrame.m; sourceTree = "<group>"; };
		BCF0DB581B4393D0006BDB17 /* UIBarButtonItem+Extensions.h */ = {isa = PBXFileReference; fileEncoding = 4; lastKnownFileType = sourcecode.c.h; path = "UIBarButtonItem+Extensions.h"; sourceTree = "<group>"; };
		BCF0DB591B4393D0006BDB17 /* UIBarButtonItem+Extensions.m */ = {isa = PBXFileReference; fileEncoding = 4; lastKnownFileType = sourcecode.c.objc; path = "UIBarButtonItem+Extensions.m"; sourceTree = "<group>"; };
		BCF0DB5B1B43BD20006BDB17 /* WBNavigationController.h */ = {isa = PBXFileReference; fileEncoding = 4; lastKnownFileType = sourcecode.c.h; path = WBNavigationController.h; sourceTree = "<group>"; };
		BCF0DB5C1B43BD20006BDB17 /* WBNavigationController.m */ = {isa = PBXFileReference; fileEncoding = 4; lastKnownFileType = sourcecode.c.objc; path = WBNavigationController.m; sourceTree = "<group>"; };
		BCF0DB5E1B43C5FA006BDB17 /* More.plist */ = {isa = PBXFileReference; fileEncoding = 4; lastKnownFileType = text.plist.xml; path = More.plist; sourceTree = "<group>"; };
		BCF0DB611B43CC50006BDB17 /* GroupCell.h */ = {isa = PBXFileReference; fileEncoding = 4; lastKnownFileType = sourcecode.c.h; path = GroupCell.h; sourceTree = "<group>"; };
		BCF0DB621B43CC50006BDB17 /* GroupCell.m */ = {isa = PBXFileReference; fileEncoding = 4; lastKnownFileType = sourcecode.c.objc; path = GroupCell.m; sourceTree = "<group>"; };
		BCFB11371B48F5C2002B0005 /* StatusDetailCell.h */ = {isa = PBXFileReference; fileEncoding = 4; lastKnownFileType = sourcecode.c.h; path = StatusDetailCell.h; sourceTree = "<group>"; };
		BCFB11381B48F5C2002B0005 /* StatusDetailCell.m */ = {isa = PBXFileReference; fileEncoding = 4; lastKnownFileType = sourcecode.c.objc; path = StatusDetailCell.m; sourceTree = "<group>"; };
		BCFB113A1B48FD7A002B0005 /* StatusDetailCellFrame.h */ = {isa = PBXFileReference; fileEncoding = 4; lastKnownFileType = sourcecode.c.h; path = StatusDetailCellFrame.h; sourceTree = "<group>"; };
		BCFB113B1B48FD7A002B0005 /* StatusDetailCellFrame.m */ = {isa = PBXFileReference; fileEncoding = 4; lastKnownFileType = sourcecode.c.objc; path = StatusDetailCellFrame.m; sourceTree = "<group>"; };
		BCFB113D1B48FF63002B0005 /* RetweetedDock.h */ = {isa = PBXFileReference; fileEncoding = 4; lastKnownFileType = sourcecode.c.h; path = RetweetedDock.h; sourceTree = "<group>"; };
		BCFB113E1B48FF63002B0005 /* RetweetedDock.m */ = {isa = PBXFileReference; fileEncoding = 4; lastKnownFileType = sourcecode.c.objc; path = RetweetedDock.m; sourceTree = "<group>"; };
		BCFB11401B4911D0002B0005 /* DetailHeader.h */ = {isa = PBXFileReference; fileEncoding = 4; lastKnownFileType = sourcecode.c.h; path = DetailHeader.h; sourceTree = "<group>"; };
		BCFB11411B4911D0002B0005 /* DetailHeader.m */ = {isa = PBXFileReference; fileEncoding = 4; lastKnownFileType = sourcecode.c.objc; path = DetailHeader.m; sourceTree = "<group>"; };
		BCFB11431B4911E2002B0005 /* DetailHeader.xib */ = {isa = PBXFileReference; fileEncoding = 4; lastKnownFileType = file.xib; path = DetailHeader.xib; sourceTree = "<group>"; };
		BCFDAA771B42B502007F4833 /* DockController.h */ = {isa = PBXFileReference; fileEncoding = 4; lastKnownFileType = sourcecode.c.h; path = DockController.h; sourceTree = "<group>"; };
		BCFDAA781B42B502007F4833 /* DockController.m */ = {isa = PBXFileReference; fileEncoding = 4; lastKnownFileType = sourcecode.c.objc; path = DockController.m; sourceTree = "<group>"; };
		BCFDAA7A1B42B51F007F4833 /* DockItem.h */ = {isa = PBXFileReference; fileEncoding = 4; lastKnownFileType = sourcecode.c.h; path = DockItem.h; sourceTree = "<group>"; };
		BCFDAA7B1B42B51F007F4833 /* DockItem.m */ = {isa = PBXFileReference; fileEncoding = 4; lastKnownFileType = sourcecode.c.objc; path = DockItem.m; sourceTree = "<group>"; };
		BCFDAA7D1B42B53E007F4833 /* Dock.h */ = {isa = PBXFileReference; fileEncoding = 4; lastKnownFileType = sourcecode.c.h; path = Dock.h; sourceTree = "<group>"; };
		BCFDAA7E1B42B53E007F4833 /* Dock.m */ = {isa = PBXFileReference; fileEncoding = 4; lastKnownFileType = sourcecode.c.objc; path = Dock.m; sourceTree = "<group>"; };
		BCFDAA851B42B982007F4833 /* HomeController.h */ = {isa = PBXFileReference; fileEncoding = 4; lastKnownFileType = sourcecode.c.h; path = HomeController.h; sourceTree = "<group>"; };
		BCFDAA861B42B982007F4833 /* HomeController.m */ = {isa = PBXFileReference; fileEncoding = 4; lastKnownFileType = sourcecode.c.objc; path = HomeController.m; sourceTree = "<group>"; };
		BCFDAA881B42B99B007F4833 /* MoreController.h */ = {isa = PBXFileReference; fileEncoding = 4; lastKnownFileType = sourcecode.c.h; path = MoreController.h; sourceTree = "<group>"; };
		BCFDAA891B42B99B007F4833 /* MoreController.m */ = {isa = PBXFileReference; fileEncoding = 4; lastKnownFileType = sourcecode.c.objc; path = MoreController.m; sourceTree = "<group>"; };
		BCFDAA8B1B42B9B6007F4833 /* SquareController.h */ = {isa = PBXFileReference; fileEncoding = 4; lastKnownFileType = sourcecode.c.h; path = SquareController.h; sourceTree = "<group>"; };
		BCFDAA8C1B42B9B6007F4833 /* SquareController.m */ = {isa = PBXFileReference; fileEncoding = 4; lastKnownFileType = sourcecode.c.objc; path = SquareController.m; sourceTree = "<group>"; };
		BCFDAA8E1B42B9D1007F4833 /* MessageController.h */ = {isa = PBXFileReference; fileEncoding = 4; lastKnownFileType = sourcecode.c.h; path = MessageController.h; sourceTree = "<group>"; };
		BCFDAA8F1B42B9D1007F4833 /* MessageController.m */ = {isa = PBXFileReference; fileEncoding = 4; lastKnownFileType = sourcecode.c.objc; path = MessageController.m; sourceTree = "<group>"; };
		BCFDAA911B42B9E5007F4833 /* MeController.h */ = {isa = PBXFileReference; fileEncoding = 4; lastKnownFileType = sourcecode.c.h; path = MeController.h; sourceTree = "<group>"; };
		BCFDAA921B42B9E5007F4833 /* MeController.m */ = {isa = PBXFileReference; fileEncoding = 4; lastKnownFileType = sourcecode.c.objc; path = MeController.m; sourceTree = "<group>"; };
/* End PBXFileReference section */

/* Begin PBXFrameworksBuildPhase section */
		BC0DECD21B42692500308096 /* Frameworks */ = {
			isa = PBXFrameworksBuildPhase;
			buildActionMask = 2147483647;
			files = (
			);
			runOnlyForDeploymentPostprocessing = 0;
		};
		BC0DECEB1B42692600308096 /* Frameworks */ = {
			isa = PBXFrameworksBuildPhase;
			buildActionMask = 2147483647;
			files = (
			);
			runOnlyForDeploymentPostprocessing = 0;
		};
/* End PBXFrameworksBuildPhase section */

/* Begin PBXGroup section */
		BC0207961B43DEDB00E52C79 /* Lib */ = {
			isa = PBXGroup;
			children = (
				BCECE9711B47BEF70071FD81 /* MJRefresh */,
				BCE2A8D61B4530B400F53E2A /* SDWebImage */,
				BC0207B81B43E03500E52C79 /* MBProgressHUD */,
				BC02079B1B43DF0000E52C79 /* AFNetworking */,
				BC0207971B43DEF600E52C79 /* AFNetworking+UIKIt */,
			);
			name = Lib;
			sourceTree = "<group>";
		};
		BC0207971B43DEF600E52C79 /* AFNetworking+UIKIt */ = {
			isa = PBXGroup;
			children = (
				BC0207981B43DEF600E52C79 /* AFNetworkActivityIndicatorManager.h */,
				BC0207991B43DEF600E52C79 /* AFNetworkActivityIndicatorManager.m */,
			);
			path = "AFNetworking+UIKIt";
			sourceTree = "<group>";
		};
		BC02079B1B43DF0000E52C79 /* AFNetworking */ = {
			isa = PBXGroup;
			children = (
				BC02079C1B43DF0000E52C79 /* AFHTTPRequestOperation.h */,
				BC02079D1B43DF0000E52C79 /* AFHTTPRequestOperation.m */,
				BC02079E1B43DF0000E52C79 /* AFHTTPRequestOperationManager.h */,
				BC02079F1B43DF0000E52C79 /* AFHTTPRequestOperationManager.m */,
				BC0207A01B43DF0000E52C79 /* AFHTTPSessionManager.h */,
				BC0207A11B43DF0000E52C79 /* AFHTTPSessionManager.m */,
				BC0207A21B43DF0000E52C79 /* AFNetworking.h */,
				BC0207A31B43DF0000E52C79 /* AFNetworkReachabilityManager.h */,
				BC0207A41B43DF0000E52C79 /* AFNetworkReachabilityManager.m */,
				BC0207A51B43DF0000E52C79 /* AFSecurityPolicy.h */,
				BC0207A61B43DF0000E52C79 /* AFSecurityPolicy.m */,
				BC0207A71B43DF0000E52C79 /* AFURLConnectionOperation.h */,
				BC0207A81B43DF0000E52C79 /* AFURLConnectionOperation.m */,
				BC0207A91B43DF0000E52C79 /* AFURLRequestSerialization.h */,
				BC0207AA1B43DF0000E52C79 /* AFURLRequestSerialization.m */,
				BC0207AB1B43DF0000E52C79 /* AFURLResponseSerialization.h */,
				BC0207AC1B43DF0000E52C79 /* AFURLResponseSerialization.m */,
				BC0207AD1B43DF0000E52C79 /* AFURLSessionManager.h */,
				BC0207AE1B43DF0000E52C79 /* AFURLSessionManager.m */,
			);
			path = AFNetworking;
			sourceTree = "<group>";
		};
		BC0207B81B43E03500E52C79 /* MBProgressHUD */ = {
			isa = PBXGroup;
			children = (
				BC0207B91B43E03500E52C79 /* MBProgressHUD+MJ.h */,
				BC0207BA1B43E03500E52C79 /* MBProgressHUD+MJ.m */,
				BC0207BB1B43E03500E52C79 /* MBProgressHUD.bundle */,
				BC0207BC1B43E03500E52C79 /* MBProgressHUD.h */,
				BC0207BD1B43E03500E52C79 /* MBProgressHUD.m */,
			);
			path = MBProgressHUD;
			sourceTree = "<group>";
		};
		BC0207C11B43E0EB00E52C79 /* Oauth */ = {
			isa = PBXGroup;
			children = (
				BC0207C41B43E10400E52C79 /* Controller */,
				BC0207C31B43E0FD00E52C79 /* Model */,
				BC0207C21B43E0F400E52C79 /* Tool */,
				BC0207C51B43E12B00E52C79 /* webconfig.h */,
			);
			name = Oauth;
			sourceTree = "<group>";
		};
		BC0207C21B43E0F400E52C79 /* Tool */ = {
			isa = PBXGroup;
			children = (
				BC0207C91B43E3EE00E52C79 /* Singleton.h */,
				BC0207CA1B43E41000E52C79 /* AccountTool.h */,
				BC0207CB1B43E41000E52C79 /* AccountTool.m */,
			);
			name = Tool;
			sourceTree = "<group>";
		};
		BC0207C31B43E0FD00E52C79 /* Model */ = {
			isa = PBXGroup;
			children = (
				BC0207C61B43E2A100E52C79 /* Account.h */,
				BC0207C71B43E2A100E52C79 /* Account.m */,
			);
			name = Model;
			sourceTree = "<group>";
		};
		BC0207C41B43E10400E52C79 /* Controller */ = {
			isa = PBXGroup;
			children = (
				BC0207CD1B43E61800E52C79 /* OauthController.h */,
				BC0207CE1B43E61800E52C79 /* OauthController.m */,
			);
			name = Controller;
			sourceTree = "<group>";
		};
		BC0207D01B43E6DB00E52C79 /* Tool */ = {
			isa = PBXGroup;
			children = (
				BC0207D11B43E6F400E52C79 /* HttpTool.h */,
				BC0207D21B43E6F400E52C79 /* HttpTool.m */,
			);
			name = Tool;
			sourceTree = "<group>";
		};
		BC0207D41B440F0F00E52C79 /* Tool */ = {
			isa = PBXGroup;
			children = (
				BC0207DD1B44111100E52C79 /* StatusTool.h */,
				BC0207DE1B44111100E52C79 /* StatusTool.m */,
			);
			name = Tool;
			sourceTree = "<group>";
		};
		BC0207D51B440F1900E52C79 /* Model */ = {
			isa = PBXGroup;
			children = (
				BC0207D71B440F4E00E52C79 /* Status.h */,
				BC0207D81B440F4E00E52C79 /* Status.m */,
				BC0207DA1B440F5F00E52C79 /* User.h */,
				BC0207DB1B440F5F00E52C79 /* User.m */,
				BC9B085F1B44D2B900C22F82 /* StatusCellFrame.h */,
				BC9B08601B44D2B900C22F82 /* StatusCellFrame.m */,
			);
			name = Model;
			sourceTree = "<group>";
		};
		BC0207D61B440F2300E52C79 /* Controller */ = {
			isa = PBXGroup;
			children = (
				BCFDAA851B42B982007F4833 /* HomeController.h */,
				BCFDAA861B42B982007F4833 /* HomeController.m */,
			);
			name = Controller;
			sourceTree = "<group>";
		};
		BC0DECCC1B42692500308096 = {
			isa = PBXGroup;
			children = (
				BC0DECD71B42692500308096 /* weibo */,
				BC0DECF11B42692600308096 /* weiboTests */,
				BC0DECD61B42692500308096 /* Products */,
			);
			sourceTree = "<group>";
		};
		BC0DECD61B42692500308096 /* Products */ = {
			isa = PBXGroup;
			children = (
				BC0DECD51B42692500308096 /* weibo.app */,
				BC0DECEE1B42692600308096 /* weiboTests.xctest */,
			);
			name = Products;
			sourceTree = "<group>";
		};
		BC0DECD71B42692500308096 /* weibo */ = {
			isa = PBXGroup;
			children = (
				BCECE9B51B47E1930071FD81 /* Other */,
				BCECE9B11B47C7DA0071FD81 /* Detail */,
				BC0207C11B43E0EB00E52C79 /* Oauth */,
				BCFDAA841B42B92C007F4833 /* Home */,
				BCFDAA831B42B923007F4833 /* More */,
				BCFDAA821B42B914007F4833 /* Square */,
				BCFDAA811B42B90C007F4833 /* Message */,
				BCFDAA801B42B905007F4833 /* Me */,
				BC0DED011B426DF300308096 /* Newfeature */,
				BC0DECFF1B426DBF00308096 /* Category */,
				BC0DECFE1B426DAE00308096 /* Main */,
				BC0DECD81B42692500308096 /* Supporting Files */,
			);
			path = weibo;
			sourceTree = "<group>";
		};
		BC0DECD81B42692500308096 /* Supporting Files */ = {
			isa = PBXGroup;
			children = (
				BC0DECE51B42692500308096 /* Images.xcassets */,
				BCF0DB5E1B43C5FA006BDB17 /* More.plist */,
				BC0DECD91B42692500308096 /* Info.plist */,
				BC0DECDA1B42692500308096 /* main.m */,
				BC0DED021B426E5400308096 /* PrefixHeader.pch */,
			);
			name = "Supporting Files";
			sourceTree = "<group>";
		};
		BC0DECF11B42692600308096 /* weiboTests */ = {
			isa = PBXGroup;
			children = (
				BC0DECF41B42692600308096 /* weiboTests.m */,
				BC0DECF21B42692600308096 /* Supporting Files */,
			);
			path = weiboTests;
			sourceTree = "<group>";
		};
		BC0DECF21B42692600308096 /* Supporting Files */ = {
			isa = PBXGroup;
			children = (
				BC0DECF31B42692600308096 /* Info.plist */,
			);
			name = "Supporting Files";
			sourceTree = "<group>";
		};
		BC0DECFE1B426DAE00308096 /* Main */ = {
			isa = PBXGroup;
			children = (
				BC0DED091B42999800308096 /* MainController.h */,
				BC0DED0A1B42999800308096 /* MainController.m */,
				BCFDAA771B42B502007F4833 /* DockController.h */,
				BCFDAA781B42B502007F4833 /* DockController.m */,
				BCFDAA7A1B42B51F007F4833 /* DockItem.h */,
				BCFDAA7B1B42B51F007F4833 /* DockItem.m */,
				BCFDAA7D1B42B53E007F4833 /* Dock.h */,
				BCFDAA7E1B42B53E007F4833 /* Dock.m */,
			);
			name = Main;
			sourceTree = "<group>";
		};
		BC0DECFF1B426DBF00308096 /* Category */ = {
			isa = PBXGroup;
			children = (
				BC0DED061B428B8100308096 /* UIView+Extension.h */,
				BC0DED071B428B8100308096 /* UIView+Extension.m */,
				BCF0DB581B4393D0006BDB17 /* UIBarButtonItem+Extensions.h */,
				BCF0DB591B4393D0006BDB17 /* UIBarButtonItem+Extensions.m */,
				BC0207931B43D38600E52C79 /* UIImage+Extensions.h */,
				BC0207941B43D38600E52C79 /* UIImage+Extensions.m */,
				BC9B08621B44E5DA00C22F82 /* NSString+Extensions.h */,
				BC9B08631B44E5DA00C22F82 /* NSString+Extensions.m */,
			);
			name = Category;
			sourceTree = "<group>";
		};
		BC0DED011B426DF300308096 /* Newfeature */ = {
			isa = PBXGroup;
			children = (
				BC0DED031B426F3500308096 /* NewfeatureController.h */,
				BC0DED041B426F3500308096 /* NewfeatureController.m */,
			);
			name = Newfeature;
			sourceTree = "<group>";
		};
		BC9B085B1B44C6E000C22F82 /* View */ = {
			isa = PBXGroup;
			children = (
				BC9B085C1B44C71400C22F82 /* StatusCell.h */,
				BC9B085D1B44C71400C22F82 /* StatusCell.m */,
				BCE2A9081B45407000F53E2A /* IconView.h */,
				BCE2A9091B45407000F53E2A /* IconView.m */,
				BC9C94F01B4635FB00847A5A /* ImageListView.h */,
				BC9C94F11B4635FB00847A5A /* ImageListView.m */,
				BC9C94F31B4672C200847A5A /* ImageItemView.h */,
				BC9C94F41B4672C200847A5A /* ImageItemView.m */,
				BC9C94F61B4679A300847A5A /* StatusDock.h */,
				BC9C94F71B4679A300847A5A /* StatusDock.m */,
			);
			name = View;
			sourceTree = "<group>";
		};
		BCE2A8D61B4530B400F53E2A /* SDWebImage */ = {
			isa = PBXGroup;
			children = (
				BCE2A8D71B4530B400F53E2A /* MKAnnotationView+WebCache.h */,
				BCE2A8D81B4530B400F53E2A /* MKAnnotationView+WebCache.m */,
				BCE2A8D91B4530B400F53E2A /* NSData+ImageContentType.h */,
				BCE2A8DA1B4530B400F53E2A /* NSData+ImageContentType.m */,
				BCE2A8DB1B4530B400F53E2A /* SDImageCache.h */,
				BCE2A8DC1B4530B400F53E2A /* SDImageCache.m */,
				BCE2A8DD1B4530B400F53E2A /* SDWebImageCompat.h */,
				BCE2A8DE1B4530B400F53E2A /* SDWebImageCompat.m */,
				BCE2A8DF1B4530B400F53E2A /* SDWebImageDecoder.h */,
				BCE2A8E01B4530B400F53E2A /* SDWebImageDecoder.m */,
				BCE2A8E11B4530B400F53E2A /* SDWebImageDownloader.h */,
				BCE2A8E21B4530B400F53E2A /* SDWebImageDownloader.m */,
				BCE2A8E31B4530B400F53E2A /* SDWebImageDownloaderOperation.h */,
				BCE2A8E41B4530B400F53E2A /* SDWebImageDownloaderOperation.m */,
				BCE2A8E51B4530B400F53E2A /* SDWebImageManager.h */,
				BCE2A8E61B4530B400F53E2A /* SDWebImageManager.m */,
				BCE2A8E71B4530B400F53E2A /* SDWebImageOperation.h */,
				BCE2A8E81B4530B400F53E2A /* SDWebImagePrefetcher.h */,
				BCE2A8E91B4530B400F53E2A /* SDWebImagePrefetcher.m */,
				BCE2A8EA1B4530B400F53E2A /* UIButton+WebCache.h */,
				BCE2A8EB1B4530B400F53E2A /* UIButton+WebCache.m */,
				BCE2A8EC1B4530B400F53E2A /* UIImage+GIF.h */,
				BCE2A8ED1B4530B400F53E2A /* UIImage+GIF.m */,
				BCE2A8EE1B4530B400F53E2A /* UIImage+MultiFormat.h */,
				BCE2A8EF1B4530B400F53E2A /* UIImage+MultiFormat.m */,
				BCE2A8F01B4530B400F53E2A /* UIImage+WebP.h */,
				BCE2A8F11B4530B400F53E2A /* UIImage+WebP.m */,
				BCE2A8F21B4530B400F53E2A /* UIImageView+HighlightedWebCache.h */,
				BCE2A8F31B4530B400F53E2A /* UIImageView+HighlightedWebCache.m */,
				BCE2A8F41B4530B400F53E2A /* UIImageView+WebCache.h */,
				BCE2A8F51B4530B400F53E2A /* UIImageView+WebCache.m */,
				BCE2A8F61B4530B400F53E2A /* UIView+WebCacheOperation.h */,
				BCE2A8F71B4530B400F53E2A /* UIView+WebCacheOperation.m */,
			);
			path = SDWebImage;
			sourceTree = "<group>";
		};
		BCECE9711B47BEF70071FD81 /* MJRefresh */ = {
			isa = PBXGroup;
			children = (
				BCECE9721B47BEF70071FD81 /* Base */,
				BCECE97D1B47BEF70071FD81 /* Custom */,
				BCECE9941B47BEF70071FD81 /* MJRefresh.bundle */,
				BCECE9951B47BEF70071FD81 /* MJRefresh.h */,
				BCECE9961B47BEF70071FD81 /* MJRefreshConst.h */,
				BCECE9971B47BEF70071FD81 /* MJRefreshConst.m */,
				BCECE9981B47BEF70071FD81 /* UIScrollView+MJExtension.h */,
				BCECE9991B47BEF70071FD81 /* UIScrollView+MJExtension.m */,
				BCECE99A1B47BEF70071FD81 /* UIScrollView+MJRefresh.h */,
				BCECE99B1B47BEF70071FD81 /* UIScrollView+MJRefresh.m */,
				BCECE99C1B47BEF70071FD81 /* UIView+MJExtension.h */,
				BCECE99D1B47BEF70071FD81 /* UIView+MJExtension.m */,
			);
			path = MJRefresh;
			sourceTree = "<group>";
		};
		BCECE9721B47BEF70071FD81 /* Base */ = {
			isa = PBXGroup;
			children = (
				BCECE9731B47BEF70071FD81 /* MJRefreshAutoFooter.h */,
				BCECE9741B47BEF70071FD81 /* MJRefreshAutoFooter.m */,
				BCECE9751B47BEF70071FD81 /* MJRefreshBackFooter.h */,
				BCECE9761B47BEF70071FD81 /* MJRefreshBackFooter.m */,
				BCECE9771B47BEF70071FD81 /* MJRefreshComponent.h */,
				BCECE9781B47BEF70071FD81 /* MJRefreshComponent.m */,
				BCECE9791B47BEF70071FD81 /* MJRefreshFooter.h */,
				BCECE97A1B47BEF70071FD81 /* MJRefreshFooter.m */,
				BCECE97B1B47BEF70071FD81 /* MJRefreshHeader.h */,
				BCECE97C1B47BEF70071FD81 /* MJRefreshHeader.m */,
			);
			path = Base;
			sourceTree = "<group>";
		};
		BCECE97D1B47BEF70071FD81 /* Custom */ = {
			isa = PBXGroup;
			children = (
				BCECE97E1B47BEF70071FD81 /* Footer */,
				BCECE98D1B47BEF70071FD81 /* Header */,
			);
			path = Custom;
			sourceTree = "<group>";
		};
		BCECE97E1B47BEF70071FD81 /* Footer */ = {
			isa = PBXGroup;
			children = (
				BCECE97F1B47BEF70071FD81 /* Auto */,
				BCECE9861B47BEF70071FD81 /* Back */,
			);
			path = Footer;
			sourceTree = "<group>";
		};
		BCECE97F1B47BEF70071FD81 /* Auto */ = {
			isa = PBXGroup;
			children = (
				BCECE9801B47BEF70071FD81 /* MJRefreshAutoGifFooter.h */,
				BCECE9811B47BEF70071FD81 /* MJRefreshAutoGifFooter.m */,
				BCECE9821B47BEF70071FD81 /* MJRefreshAutoNormalFooter.h */,
				BCECE9831B47BEF70071FD81 /* MJRefreshAutoNormalFooter.m */,
				BCECE9841B47BEF70071FD81 /* MJRefreshAutoStateFooter.h */,
				BCECE9851B47BEF70071FD81 /* MJRefreshAutoStateFooter.m */,
			);
			path = Auto;
			sourceTree = "<group>";
		};
		BCECE9861B47BEF70071FD81 /* Back */ = {
			isa = PBXGroup;
			children = (
				BCECE9871B47BEF70071FD81 /* MJRefreshBackGifFooter.h */,
				BCECE9881B47BEF70071FD81 /* MJRefreshBackGifFooter.m */,
				BCECE9891B47BEF70071FD81 /* MJRefreshBackNormalFooter.h */,
				BCECE98A1B47BEF70071FD81 /* MJRefreshBackNormalFooter.m */,
				BCECE98B1B47BEF70071FD81 /* MJRefreshBackStateFooter.h */,
				BCECE98C1B47BEF70071FD81 /* MJRefreshBackStateFooter.m */,
			);
			path = Back;
			sourceTree = "<group>";
		};
		BCECE98D1B47BEF70071FD81 /* Header */ = {
			isa = PBXGroup;
			children = (
				BCECE98E1B47BEF70071FD81 /* MJRefreshGifHeader.h */,
				BCECE98F1B47BEF70071FD81 /* MJRefreshGifHeader.m */,
				BCECE9901B47BEF70071FD81 /* MJRefreshNormalHeader.h */,
				BCECE9911B47BEF70071FD81 /* MJRefreshNormalHeader.m */,
				BCECE9921B47BEF70071FD81 /* MJRefreshStateHeader.h */,
				BCECE9931B47BEF70071FD81 /* MJRefreshStateHeader.m */,
			);
			path = Header;
			sourceTree = "<group>";
		};
		BCECE9B11B47C7DA0071FD81 /* Detail */ = {
			isa = PBXGroup;
			children = (
				BCECE9B21B47C8080071FD81 /* StatusDetailController.h */,
				BCECE9B31B47C8080071FD81 /* StatusDetailController.m */,
				BCFB11371B48F5C2002B0005 /* StatusDetailCell.h */,
				BCFB11381B48F5C2002B0005 /* StatusDetailCell.m */,
				BCFB113A1B48FD7A002B0005 /* StatusDetailCellFrame.h */,
				BCFB113B1B48FD7A002B0005 /* StatusDetailCellFrame.m */,
				BCFB113D1B48FF63002B0005 /* RetweetedDock.h */,
				BCFB113E1B48FF63002B0005 /* RetweetedDock.m */,
				BCFB11401B4911D0002B0005 /* DetailHeader.h */,
				BCFB11411B4911D0002B0005 /* DetailHeader.m */,
				BCFB11431B4911E2002B0005 /* DetailHeader.xib */,
			);
			name = Detail;
			sourceTree = "<group>";
		};
		BCECE9B51B47E1930071FD81 /* Other */ = {
			isa = PBXGroup;
			children = (
				BC0DECDC1B42692500308096 /* AppDelegate.h */,
				BC0DECDD1B42692500308096 /* AppDelegate.m */,
				BCF0DB5B1B43BD20006BDB17 /* WBNavigationController.h */,
				BCF0DB5C1B43BD20006BDB17 /* WBNavigationController.m */,
				BC0207961B43DEDB00E52C79 /* Lib */,
				BC0207D01B43E6DB00E52C79 /* Tool */,
				BCECE9BA1B47E2530071FD81 /* Model */,
				BCECE9B61B47E19A0071FD81 /* View */,
			);
			name = Other;
			sourceTree = "<group>";
		};
		BCECE9B61B47E19A0071FD81 /* View */ = {
			isa = PBXGroup;
			children = (
				BCECE9B71B47E1BC0071FD81 /* BaseStatusCell.h */,
				BCECE9B81B47E1BC0071FD81 /* BaseStatusCell.m */,
			);
			name = View;
			sourceTree = "<group>";
		};
		BCECE9BA1B47E2530071FD81 /* Model */ = {
			isa = PBXGroup;
			children = (
				BCECE9BB1B47E2810071FD81 /* BaseStatusCellFrame.h */,
				BCECE9BC1B47E2810071FD81 /* BaseStatusCellFrame.m */,
			);
			name = Model;
			sourceTree = "<group>";
		};
		BCF0DB601B43CC2A006BDB17 /* View */ = {
			isa = PBXGroup;
			children = (
				BCF0DB611B43CC50006BDB17 /* GroupCell.h */,
				BCF0DB621B43CC50006BDB17 /* GroupCell.m */,
			);
			name = View;
			sourceTree = "<group>";
		};
		BCFDAA801B42B905007F4833 /* Me */ = {
			isa = PBXGroup;
			children = (
				BCFDAA911B42B9E5007F4833 /* MeController.h */,
				BCFDAA921B42B9E5007F4833 /* MeController.m */,
			);
			name = Me;
			sourceTree = "<group>";
		};
		BCFDAA811B42B90C007F4833 /* Message */ = {
			isa = PBXGroup;
			children = (
				BCFDAA8E1B42B9D1007F4833 /* MessageController.h */,
				BCFDAA8F1B42B9D1007F4833 /* MessageController.m */,
			);
			name = Message;
			sourceTree = "<group>";
		};
		BCFDAA821B42B914007F4833 /* Square */ = {
			isa = PBXGroup;
			children = (
				BCFDAA8B1B42B9B6007F4833 /* SquareController.h */,
				BCFDAA8C1B42B9B6007F4833 /* SquareController.m */,
			);
			name = Square;
			sourceTree = "<group>";
		};
		BCFDAA831B42B923007F4833 /* More */ = {
			isa = PBXGroup;
			children = (
				BCF0DB601B43CC2A006BDB17 /* View */,
				BCFDAA881B42B99B007F4833 /* MoreController.h */,
				BCFDAA891B42B99B007F4833 /* MoreController.m */,
			);
			name = More;
			sourceTree = "<group>";
		};
		BCFDAA841B42B92C007F4833 /* Home */ = {
			isa = PBXGroup;
			children = (
				BC9B085B1B44C6E000C22F82 /* View */,
				BC0207D61B440F2300E52C79 /* Controller */,
				BC0207D51B440F1900E52C79 /* Model */,
				BC0207D41B440F0F00E52C79 /* Tool */,
			);
			name = Home;
			sourceTree = "<group>";
		};
/* End PBXGroup section */

/* Begin PBXNativeTarget section */
		BC0DECD41B42692500308096 /* weibo */ = {
			isa = PBXNativeTarget;
			buildConfigurationList = BC0DECF81B42692600308096 /* Build configuration list for PBXNativeTarget "weibo" */;
			buildPhases = (
				BC0DECD11B42692500308096 /* Sources */,
				BC0DECD21B42692500308096 /* Frameworks */,
				BC0DECD31B42692500308096 /* Resources */,
			);
			buildRules = (
			);
			dependencies = (
			);
			name = weibo;
			productName = weibo;
			productReference = BC0DECD51B42692500308096 /* weibo.app */;
			productType = "com.apple.product-type.application";
		};
		BC0DECED1B42692600308096 /* weiboTests */ = {
			isa = PBXNativeTarget;
			buildConfigurationList = BC0DECFB1B42692600308096 /* Build configuration list for PBXNativeTarget "weiboTests" */;
			buildPhases = (
				BC0DECEA1B42692600308096 /* Sources */,
				BC0DECEB1B42692600308096 /* Frameworks */,
				BC0DECEC1B42692600308096 /* Resources */,
			);
			buildRules = (
			);
			dependencies = (
				BC0DECF01B42692600308096 /* PBXTargetDependency */,
			);
			name = weiboTests;
			productName = weiboTests;
			productReference = BC0DECEE1B42692600308096 /* weiboTests.xctest */;
			productType = "com.apple.product-type.bundle.unit-test";
		};
/* End PBXNativeTarget section */

/* Begin PBXProject section */
		BC0DECCD1B42692500308096 /* Project object */ = {
			isa = PBXProject;
			attributes = {
				LastUpgradeCheck = 0630;
				ORGANIZATIONNAME = ycp;
				TargetAttributes = {
					BC0DECD41B42692500308096 = {
						CreatedOnToolsVersion = 6.3;
					};
					BC0DECED1B42692600308096 = {
						CreatedOnToolsVersion = 6.3;
						TestTargetID = BC0DECD41B42692500308096;
					};
				};
			};
			buildConfigurationList = BC0DECD01B42692500308096 /* Build configuration list for PBXProject "weibo" */;
			compatibilityVersion = "Xcode 3.2";
			developmentRegion = English;
			hasScannedForEncodings = 0;
			knownRegions = (
				en,
				Base,
			);
			mainGroup = BC0DECCC1B42692500308096;
			productRefGroup = BC0DECD61B42692500308096 /* Products */;
			projectDirPath = "";
			projectRoot = "";
			targets = (
				BC0DECD41B42692500308096 /* weibo */,
				BC0DECED1B42692600308096 /* weiboTests */,
			);
		};
/* End PBXProject section */

/* Begin PBXResourcesBuildPhase section */
		BC0DECD31B42692500308096 /* Resources */ = {
			isa = PBXResourcesBuildPhase;
			buildActionMask = 2147483647;
			files = (
				BCFB11441B4911E2002B0005 /* DetailHeader.xib in Resources */,
				BC0DECE61B42692500308096 /* Images.xcassets in Resources */,
				BCF0DB5F1B43C5FA006BDB17 /* More.plist in Resources */,
				BCECE9AC1B47BEF70071FD81 /* MJRefresh.bundle in Resources */,
				BC0207BF1B43E03500E52C79 /* MBProgressHUD.bundle in Resources */,
			);
			runOnlyForDeploymentPostprocessing = 0;
		};
		BC0DECEC1B42692600308096 /* Resources */ = {
			isa = PBXResourcesBuildPhase;
			buildActionMask = 2147483647;
			files = (
			);
			runOnlyForDeploymentPostprocessing = 0;
		};
/* End PBXResourcesBuildPhase section */

/* Begin PBXSourcesBuildPhase section */
		BC0DECD11B42692500308096 /* Sources */ = {
			isa = PBXSourcesBuildPhase;
			buildActionMask = 2147483647;
			files = (
				BCE2A9011B4530B400F53E2A /* UIButton+WebCache.m in Sources */,
				BCFDAA8A1B42B99B007F4833 /* MoreController.m in Sources */,
				BC0DECDE1B42692500308096 /* AppDelegate.m in Sources */,
				BC0207B31B43DF0000E52C79 /* AFSecurityPolicy.m in Sources */,
				BC0207C81B43E2A100E52C79 /* Account.m in Sources */,
				BCECE99F1B47BEF70071FD81 /* MJRefreshBackFooter.m in Sources */,
				BCECE9A81B47BEF70071FD81 /* MJRefreshBackStateFooter.m in Sources */,
				BCE2A9051B4530B400F53E2A /* UIImageView+HighlightedWebCache.m in Sources */,
				BC0207B01B43DF0000E52C79 /* AFHTTPRequestOperationManager.m in Sources */,
				BCE2A8F91B4530B400F53E2A /* NSData+ImageContentType.m in Sources */,
				BCECE9B41B47C8080071FD81 /* StatusDetailController.m in Sources */,
				BC0207BE1B43E03500E52C79 /* MBProgressHUD+MJ.m in Sources */,
				BC0207AF1B43DF0000E52C79 /* AFHTTPRequestOperation.m in Sources */,
				BCECE9A41B47BEF70071FD81 /* MJRefreshAutoNormalFooter.m in Sources */,
				BCECE99E1B47BEF70071FD81 /* MJRefreshAutoFooter.m in Sources */,
				BCECE9B91B47E1BC0071FD81 /* BaseStatusCell.m in Sources */,
				BCFDAA7C1B42B51F007F4833 /* DockItem.m in Sources */,
				BC0207D31B43E6F400E52C79 /* HttpTool.m in Sources */,
				BCECE9A71B47BEF70071FD81 /* MJRefreshBackNormalFooter.m in Sources */,
				BCF0DB631B43CC50006BDB17 /* GroupCell.m in Sources */,
				BCECE9AA1B47BEF70071FD81 /* MJRefreshNormalHeader.m in Sources */,
				BCFB11421B4911D0002B0005 /* DetailHeader.m in Sources */,
				BCECE9A51B47BEF70071FD81 /* MJRefreshAutoStateFooter.m in Sources */,
				BC0207C01B43E03500E52C79 /* MBProgressHUD.m in Sources */,
				BCE2A8FB1B4530B400F53E2A /* SDWebImageCompat.m in Sources */,
				BCECE9A31B47BEF70071FD81 /* MJRefreshAutoGifFooter.m in Sources */,
				BCE2A8FF1B4530B400F53E2A /* SDWebImageManager.m in Sources */,
				BCECE9BD1B47E2810071FD81 /* BaseStatusCellFrame.m in Sources */,
				BCF0DB5D1B43BD20006BDB17 /* WBNavigationController.m in Sources */,
				BCE2A8FA1B4530B400F53E2A /* SDImageCache.m in Sources */,
				BCFDAA7F1B42B53E007F4833 /* Dock.m in Sources */,
				BCE2A8FC1B4530B400F53E2A /* SDWebImageDecoder.m in Sources */,
				BC9B085E1B44C71400C22F82 /* StatusCell.m in Sources */,
				BC0DED051B426F3500308096 /* NewfeatureController.m in Sources */,
				BCECE9AD1B47BEF70071FD81 /* MJRefreshConst.m in Sources */,
				BCECE9B01B47BEF70071FD81 /* UIView+MJExtension.m in Sources */,
				BCE2A8FD1B4530B400F53E2A /* SDWebImageDownloader.m in Sources */,
				BC0DED081B428B8100308096 /* UIView+Extension.m in Sources */,
				BC9C94F21B4635FB00847A5A /* ImageListView.m in Sources */,
				BCFB113C1B48FD7A002B0005 /* StatusDetailCellFrame.m in Sources */,
				BCECE9A21B47BEF70071FD81 /* MJRefreshHeader.m in Sources */,
				BC0207DC1B440F5F00E52C79 /* User.m in Sources */,
				BC02079A1B43DEF600E52C79 /* AFNetworkActivityIndicatorManager.m in Sources */,
				BCE2A9031B4530B400F53E2A /* UIImage+MultiFormat.m in Sources */,
				BCECE9A01B47BEF70071FD81 /* MJRefreshComponent.m in Sources */,
				BCECE9A61B47BEF70071FD81 /* MJRefreshBackGifFooter.m in Sources */,
				BC0207951B43D38600E52C79 /* UIImage+Extensions.m in Sources */,
				BCE2A9041B4530B400F53E2A /* UIImage+WebP.m in Sources */,
				BC0207B11B43DF0000E52C79 /* AFHTTPSessionManager.m in Sources */,
				BC0207CF1B43E61800E52C79 /* OauthController.m in Sources */,
				BC0DED0B1B42999800308096 /* MainController.m in Sources */,
				BCFDAA8D1B42B9B6007F4833 /* SquareController.m in Sources */,
				BC0207D91B440F4E00E52C79 /* Status.m in Sources */,
				BC0207B41B43DF0000E52C79 /* AFURLConnectionOperation.m in Sources */,
				BCECE9AF1B47BEF70071FD81 /* UIScrollView+MJRefresh.m in Sources */,
				BC0207B51B43DF0000E52C79 /* AFURLRequestSerialization.m in Sources */,
				BC0207B71B43DF0000E52C79 /* AFURLSessionManager.m in Sources */,
				BCECE9A11B47BEF70071FD81 /* MJRefreshFooter.m in Sources */,
				BCE2A9071B4530B400F53E2A /* UIView+WebCacheOperation.m in Sources */,
				BCE2A9001B4530B400F53E2A /* SDWebImagePrefetcher.m in Sources */,
				BC0207B61B43DF0000E52C79 /* AFURLResponseSerialization.m in Sources */,
				BCECE9AE1B47BEF70071FD81 /* UIScrollView+MJExtension.m in Sources */,
				BCF0DB5A1B4393D0006BDB17 /* UIBarButtonItem+Extensions.m in Sources */,
				BCFB11391B48F5C2002B0005 /* StatusDetailCell.m in Sources */,
				BCFB113F1B48FF64002B0005 /* RetweetedDock.m in Sources */,
				BCE2A90A1B45407000F53E2A /* IconView.m in Sources */,
				BCFDAA791B42B502007F4833 /* DockController.m in Sources */,
				BCE2A9021B4530B400F53E2A /* UIImage+GIF.m in Sources */,
				BC0207DF1B44111100E52C79 /* StatusTool.m in Sources */,
				BCFDAA871B42B982007F4833 /* HomeController.m in Sources */,
				BC0DECDB1B42692500308096 /* main.m in Sources */,
				BCE2A8F81B4530B400F53E2A /* MKAnnotationView+WebCache.m in Sources */,
				BCFDAA931B42B9E5007F4833 /* MeController.m in Sources */,
				BCE2A8FE1B4530B400F53E2A /* SDWebImageDownloaderOperation.m in Sources */,
				BC0207CC1B43E41000E52C79 /* AccountTool.m in Sources */,
				BC9B08611B44D2B900C22F82 /* StatusCellFrame.m in Sources */,
				BCECE9A91B47BEF70071FD81 /* MJRefreshGifHeader.m in Sources */,
				BCE2A9061B4530B400F53E2A /* UIImageView+WebCache.m in Sources */,
				BC0207B21B43DF0000E52C79 /* AFNetworkReachabilityManager.m in Sources */,
				BCECE9AB1B47BEF70071FD81 /* MJRefreshStateHeader.m in Sources */,
				BC9B08641B44E5DA00C22F82 /* NSString+Extensions.m in Sources */,
				BCFDAA901B42B9D1007F4833 /* MessageController.m in Sources */,
				BC9C94F51B4672C200847A5A /* ImageItemView.m in Sources */,
				BC9C94F81B4679A300847A5A /* StatusDock.m in Sources */,
			);
			runOnlyForDeploymentPostprocessing = 0;
		};
		BC0DECEA1B42692600308096 /* Sources */ = {
			isa = PBXSourcesBuildPhase;
			buildActionMask = 2147483647;
			files = (
				BC0DECF51B42692600308096 /* weiboTests.m in Sources */,
			);
			runOnlyForDeploymentPostprocessing = 0;
		};
/* End PBXSourcesBuildPhase section */

/* Begin PBXTargetDependency section */
		BC0DECF01B42692600308096 /* PBXTargetDependency */ = {
			isa = PBXTargetDependency;
			target = BC0DECD41B42692500308096 /* weibo */;
			targetProxy = BC0DECEF1B42692600308096 /* PBXContainerItemProxy */;
		};
/* End PBXTargetDependency section */

/* Begin XCBuildConfiguration section */
		BC0DECF61B42692600308096 /* Debug */ = {
			isa = XCBuildConfiguration;
			buildSettings = {
				ALWAYS_SEARCH_USER_PATHS = NO;
				CLANG_CXX_LANGUAGE_STANDARD = "gnu++0x";
				CLANG_CXX_LIBRARY = "libc++";
				CLANG_ENABLE_MODULES = YES;
				CLANG_ENABLE_OBJC_ARC = YES;
				CLANG_WARN_BOOL_CONVERSION = YES;
				CLANG_WARN_CONSTANT_CONVERSION = YES;
				CLANG_WARN_DIRECT_OBJC_ISA_USAGE = YES_ERROR;
				CLANG_WARN_EMPTY_BODY = YES;
				CLANG_WARN_ENUM_CONVERSION = YES;
				CLANG_WARN_INT_CONVERSION = YES;
				CLANG_WARN_OBJC_ROOT_CLASS = YES_ERROR;
				CLANG_WARN_UNREACHABLE_CODE = YES;
				CLANG_WARN__DUPLICATE_METHOD_MATCH = YES;
				"CODE_SIGN_IDENTITY[sdk=iphoneos*]" = "iPhone Developer";
				COPY_PHASE_STRIP = NO;
				DEBUG_INFORMATION_FORMAT = "dwarf-with-dsym";
				ENABLE_STRICT_OBJC_MSGSEND = YES;
				GCC_C_LANGUAGE_STANDARD = gnu99;
				GCC_DYNAMIC_NO_PIC = NO;
				GCC_NO_COMMON_BLOCKS = YES;
				GCC_OPTIMIZATION_LEVEL = 0;
				GCC_PREFIX_HEADER = "$(SRCROOT)/weibo/PrefixHeader.pch";
				GCC_PREPROCESSOR_DEFINITIONS = (
					"DEBUG=1",
					"$(inherited)",
				);
				GCC_SYMBOLS_PRIVATE_EXTERN = NO;
				GCC_WARN_64_TO_32_BIT_CONVERSION = YES;
				GCC_WARN_ABOUT_RETURN_TYPE = YES_ERROR;
				GCC_WARN_UNDECLARED_SELECTOR = YES;
				GCC_WARN_UNINITIALIZED_AUTOS = YES_AGGRESSIVE;
				GCC_WARN_UNUSED_FUNCTION = YES;
				GCC_WARN_UNUSED_VARIABLE = YES;
				IPHONEOS_DEPLOYMENT_TARGET = 8.3;
				MTL_ENABLE_DEBUG_INFO = YES;
				ONLY_ACTIVE_ARCH = YES;
				SDKROOT = iphoneos;
			};
			name = Debug;
		};
		BC0DECF71B42692600308096 /* Release */ = {
			isa = XCBuildConfiguration;
			buildSettings = {
				ALWAYS_SEARCH_USER_PATHS = NO;
				CLANG_CXX_LANGUAGE_STANDARD = "gnu++0x";
				CLANG_CXX_LIBRARY = "libc++";
				CLANG_ENABLE_MODULES = YES;
				CLANG_ENABLE_OBJC_ARC = YES;
				CLANG_WARN_BOOL_CONVERSION = YES;
				CLANG_WARN_CONSTANT_CONVERSION = YES;
				CLANG_WARN_DIRECT_OBJC_ISA_USAGE = YES_ERROR;
				CLANG_WARN_EMPTY_BODY = YES;
				CLANG_WARN_ENUM_CONVERSION = YES;
				CLANG_WARN_INT_CONVERSION = YES;
				CLANG_WARN_OBJC_ROOT_CLASS = YES_ERROR;
				CLANG_WARN_UNREACHABLE_CODE = YES;
				CLANG_WARN__DUPLICATE_METHOD_MATCH = YES;
				"CODE_SIGN_IDENTITY[sdk=iphoneos*]" = "iPhone Developer";
				COPY_PHASE_STRIP = NO;
				DEBUG_INFORMATION_FORMAT = "dwarf-with-dsym";
				ENABLE_NS_ASSERTIONS = NO;
				ENABLE_STRICT_OBJC_MSGSEND = YES;
				GCC_C_LANGUAGE_STANDARD = gnu99;
				GCC_NO_COMMON_BLOCKS = YES;
				GCC_PREFIX_HEADER = "$(SRCROOT)/weibo/PrefixHeader.pch";
				GCC_WARN_64_TO_32_BIT_CONVERSION = YES;
				GCC_WARN_ABOUT_RETURN_TYPE = YES_ERROR;
				GCC_WARN_UNDECLARED_SELECTOR = YES;
				GCC_WARN_UNINITIALIZED_AUTOS = YES_AGGRESSIVE;
				GCC_WARN_UNUSED_FUNCTION = YES;
				GCC_WARN_UNUSED_VARIABLE = YES;
				IPHONEOS_DEPLOYMENT_TARGET = 8.3;
				MTL_ENABLE_DEBUG_INFO = NO;
				SDKROOT = iphoneos;
				VALIDATE_PRODUCT = YES;
			};
			name = Release;
		};
		BC0DECF91B42692600308096 /* Debug */ = {
			isa = XCBuildConfiguration;
			buildSettings = {
				ASSETCATALOG_COMPILER_APPICON_NAME = AppIcon;
				INFOPLIST_FILE = weibo/Info.plist;
				IPHONEOS_DEPLOYMENT_TARGET = 8.3;
				LD_RUNPATH_SEARCH_PATHS = "$(inherited) @executable_path/Frameworks";
				PRODUCT_NAME = "$(TARGET_NAME)";
			};
			name = Debug;
		};
		BC0DECFA1B42692600308096 /* Release */ = {
			isa = XCBuildConfiguration;
			buildSettings = {
				ASSETCATALOG_COMPILER_APPICON_NAME = AppIcon;
				INFOPLIST_FILE = weibo/Info.plist;
				IPHONEOS_DEPLOYMENT_TARGET = 8.3;
				LD_RUNPATH_SEARCH_PATHS = "$(inherited) @executable_path/Frameworks";
				PRODUCT_NAME = "$(TARGET_NAME)";
			};
			name = Release;
		};
		BC0DECFC1B42692600308096 /* Debug */ = {
			isa = XCBuildConfiguration;
			buildSettings = {
				BUNDLE_LOADER = "$(TEST_HOST)";
				FRAMEWORK_SEARCH_PATHS = (
					"$(SDKROOT)/Developer/Library/Frameworks",
					"$(inherited)",
				);
				GCC_PREPROCESSOR_DEFINITIONS = (
					"DEBUG=1",
					"$(inherited)",
				);
				INFOPLIST_FILE = weiboTests/Info.plist;
				LD_RUNPATH_SEARCH_PATHS = "$(inherited) @executable_path/Frameworks @loader_path/Frameworks";
				PRODUCT_NAME = "$(TARGET_NAME)";
				TEST_HOST = "$(BUILT_PRODUCTS_DIR)/weibo.app/weibo";
			};
			name = Debug;
		};
		BC0DECFD1B42692600308096 /* Release */ = {
			isa = XCBuildConfiguration;
			buildSettings = {
				BUNDLE_LOADER = "$(TEST_HOST)";
				FRAMEWORK_SEARCH_PATHS = (
					"$(SDKROOT)/Developer/Library/Frameworks",
					"$(inherited)",
				);
				INFOPLIST_FILE = weiboTests/Info.plist;
				LD_RUNPATH_SEARCH_PATHS = "$(inherited) @executable_path/Frameworks @loader_path/Frameworks";
				PRODUCT_NAME = "$(TARGET_NAME)";
				TEST_HOST = "$(BUILT_PRODUCTS_DIR)/weibo.app/weibo";
			};
			name = Release;
		};
/* End XCBuildConfiguration section */

/* Begin XCConfigurationList section */
		BC0DECD01B42692500308096 /* Build configuration list for PBXProject "weibo" */ = {
			isa = XCConfigurationList;
			buildConfigurations = (
				BC0DECF61B42692600308096 /* Debug */,
				BC0DECF71B42692600308096 /* Release */,
			);
			defaultConfigurationIsVisible = 0;
			defaultConfigurationName = Release;
		};
		BC0DECF81B42692600308096 /* Build configuration list for PBXNativeTarget "weibo" */ = {
			isa = XCConfigurationList;
			buildConfigurations = (
				BC0DECF91B42692600308096 /* Debug */,
				BC0DECFA1B42692600308096 /* Release */,
			);
			defaultConfigurationIsVisible = 0;
			defaultConfigurationName = Release;
		};
		BC0DECFB1B42692600308096 /* Build configuration list for PBXNativeTarget "weiboTests" */ = {
			isa = XCConfigurationList;
			buildConfigurations = (
				BC0DECFC1B42692600308096 /* Debug */,
				BC0DECFD1B42692600308096 /* Release */,
			);
			defaultConfigurationIsVisible = 0;
			defaultConfigurationName = Release;
		};
/* End XCConfigurationList section */
	};
	rootObject = BC0DECCD1B42692500308096 /* Project object */;
}
